
Microsoft Visual Studio Solution File, Format Version 12.00
# Visual Studio Version 16
VisualStudioVersion = 16.0.30621.155
MinimumVisualStudioVersion = 10.0.40219.1
Project("{9A19103F-16F7-4668-BE54-9A1E7A4F7556}") = "UI_TestProjekt", "UI_TestProjekt\UI_TestProjekt.csproj", "{552AAA54-5743-4E80-995D-D44077EC2EF0}"
EndProject
Global
	GlobalSection(SolutionConfigurationPlatforms) = preSolution
		Debug|Any CPU = Debug|Any CPU
		Debug|x86 = Debug|x86
		Release|Any CPU = Release|Any CPU
		Release|x86 = Release|x86
	EndGlobalSection
	GlobalSection(ProjectConfigurationPlatforms) = postSolution
		{552AAA54-5743-4E80-995D-D44077EC2EF0}.Debug|Any CPU.ActiveCfg = Debug|Any CPU
		{552AAA54-5743-4E80-995D-D44077EC2EF0}.Debug|Any CPU.Build.0 = Debug|Any CPU
		{552AAA54-5743-4E80-995D-D44077EC2EF0}.Debug|x86.ActiveCfg = Debug|Any CPU
		{552AAA54-5743-4E80-995D-D44077EC2EF0}.Debug|x86.Build.0 = Debug|Any CPU
		{552AAA54-5743-4E80-995D-D44077EC2EF0}.Release|Any CPU.ActiveCfg = Release|Any CPU
		{552AAA54-5743-4E80-995D-D44077EC2EF0}.Release|Any CPU.Build.0 = Release|Any CPU
		{552AAA54-5743-4E80-995D-D44077EC2EF0}.Release|x86.ActiveCfg = Release|Any CPU
		{552AAA54-5743-4E80-995D-D44077EC2EF0}.Release|x86.Build.0 = Release|Any CPU
	EndGlobalSection
	GlobalSection(SolutionProperties) = preSolution
		HideSolutionNode = FALSE
	EndGlobalSection
	GlobalSection(ExtensibilityGlobals) = postSolution
		SolutionGuid = {D264BF32-F2B9-4129-8052-17FAA9692E47}
	EndGlobalSection
EndGlobal
