
Microsoft Visual Studio Solution File, Format Version 12.00
# Visual Studio Version 16
VisualStudioVersion = 16.0.30804.86
MinimumVisualStudioVersion = 10.0.40219.1
Project("{9A19103F-16F7-4668-BE54-9A1E7A4F7556}") = "ServerIntegrationTests", "ServerIntegrationTests\ServerIntegrationTests.csproj", "{8A42243C-0633-4271-8EBE-403702570415}"
EndProject
Project("{9A19103F-16F7-4668-BE54-9A1E7A4F7556}") = "FrameworksAndDrivers.RemoteData.GRPC", "FrameworksAndDrivers.RemoteData.GRPC\FrameworksAndDrivers.RemoteData.GRPC.csproj", "{84F89ABD-D789-427B-A22C-E13A7DCB4A37}"
EndProject
Project("{9A19103F-16F7-4668-BE54-9A1E7A4F7556}") = "Client.TestHelper", "Client.TestHelper\Client.TestHelper.csproj", "{062808F7-F4AB-435F-B843-813030FE280F}"
EndProject
Global
	GlobalSection(SolutionConfigurationPlatforms) = preSolution
		Debug|Any CPU = Debug|Any CPU
		Release|Any CPU = Release|Any CPU
	EndGlobalSection
	GlobalSection(ProjectConfigurationPlatforms) = postSolution
		{8A42243C-0633-4271-8EBE-403702570415}.Debug|Any CPU.ActiveCfg = Debug|Any CPU
		{8A42243C-0633-4271-8EBE-403702570415}.Debug|Any CPU.Build.0 = Debug|Any CPU
		{8A42243C-0633-4271-8EBE-403702570415}.Release|Any CPU.ActiveCfg = Release|Any CPU
		{8A42243C-0633-4271-8EBE-403702570415}.Release|Any CPU.Build.0 = Release|Any CPU
		{84F89ABD-D789-427B-A22C-E13A7DCB4A37}.Debug|Any CPU.ActiveCfg = Debug|Any CPU
		{84F89ABD-D789-427B-A22C-E13A7DCB4A37}.Debug|Any CPU.Build.0 = Debug|Any CPU
		{84F89ABD-D789-427B-A22C-E13A7DCB4A37}.Release|Any CPU.ActiveCfg = Release|Any CPU
		{84F89ABD-D789-427B-A22C-E13A7DCB4A37}.Release|Any CPU.Build.0 = Release|Any CPU
		{062808F7-F4AB-435F-B843-813030FE280F}.Debug|Any CPU.ActiveCfg = Debug|Any CPU
		{062808F7-F4AB-435F-B843-813030FE280F}.Debug|Any CPU.Build.0 = Debug|Any CPU
		{062808F7-F4AB-435F-B843-813030FE280F}.Release|Any CPU.ActiveCfg = Release|Any CPU
		{062808F7-F4AB-435F-B843-813030FE280F}.Release|Any CPU.Build.0 = Release|Any CPU
	EndGlobalSection
	GlobalSection(SolutionProperties) = preSolution
		HideSolutionNode = FALSE
	EndGlobalSection
	GlobalSection(ExtensibilityGlobals) = postSolution
		SolutionGuid = {773BC359-2883-4082-8E24-AC923410A573}
	EndGlobalSection
EndGlobal
