
Microsoft Visual Studio Solution File, Format Version 12.00
# Visual Studio Version 16
VisualStudioVersion = 16.0.30621.155
MinimumVisualStudioVersion = 10.0.40219.1
Project("{9A19103F-16F7-4668-BE54-9A1E7A4F7556}") = "Client.Core", "Client.Core\Client.Core.csproj", "{2307B01F-1A34-4DC7-B99E-12343AFECA7B}"
EndProject
Project("{9A19103F-16F7-4668-BE54-9A1E7A4F7556}") = "State", "State\State.csproj", "{4081679C-4B64-4331-9E6A-65924475A740}"
EndProject
Project("{9A19103F-16F7-4668-BE54-9A1E7A4F7556}") = "FeatureToggles", "FeatureToggles\FeatureToggles.csproj", "{B8D6B32A-B479-438B-998A-D2542139A0D6}"
EndProject
Project("{9A19103F-16F7-4668-BE54-9A1E7A4F7556}") = "FrameworksAndDrivers.Threads", "FrameworksAndDrivers.Threads\FrameworksAndDrivers.Threads.csproj", "{C0F9404F-44F9-4379-B682-9258068F856F}"
EndProject
Project("{9A19103F-16F7-4668-BE54-9A1E7A4F7556}") = "FrameworksAndDrivers.Process", "FrameworksAndDrivers.Process\FrameworksAndDrivers.Process.csproj", "{3A82678E-7DA9-4817-A3A8-817619C41F59}"
EndProject
Project("{9A19103F-16F7-4668-BE54-9A1E7A4F7556}") = "FrameworksAndDrivers.Time", "FrameworksAndDrivers.Time\FrameworksAndDrivers.Time.csproj", "{FD3A9D1D-8459-4F11-9016-E5BDF937A88A}"
EndProject
Project("{9A19103F-16F7-4668-BE54-9A1E7A4F7556}") = "InterfaceAdapters", "InterfaceAdapters\InterfaceAdapters.csproj", "{6536D661-D964-4CA9-8678-DAB0EB2B6C54}"
EndProject
Project("{9A19103F-16F7-4668-BE54-9A1E7A4F7556}") = "FrameworksAndDrivers.Data.Xml", "FrameworksAndDrivers.Data.Xml\FrameworksAndDrivers.Data.Xml.csproj", "{01FAE5DE-E740-42F0-8DAC-2BA9DBFFF5B9}"
EndProject
Project("{9A19103F-16F7-4668-BE54-9A1E7A4F7556}") = "FrameworksAndDrivers.Localization", "FrameworksAndDrivers.Localization\FrameworksAndDrivers.Localization.csproj", "{E6F10418-D206-4E01-9A88-7445BA13D024}"
EndProject
Project("{9A19103F-16F7-4668-BE54-9A1E7A4F7556}") = "ServerConnections", "ServerConnections\ServerConnections.csproj", "{BBE1DF65-227F-4819-9484-A04D23B15CF7}"
EndProject
Project("{9A19103F-16F7-4668-BE54-9A1E7A4F7556}") = "FrameworksAndDrivers.Gui.Wpf", "FrameworksAndDrivers.Gui.Wpf\FrameworksAndDrivers.Gui.Wpf.csproj", "{77C6726D-2134-4C23-B735-621431FDC062}"
EndProject
Project("{9A19103F-16F7-4668-BE54-9A1E7A4F7556}") = "Client.TestHelper", "Client.TestHelper\Client.TestHelper.csproj", "{E518ED93-A45E-4653-A22F-BAD00A5064D2}"
EndProject
Project("{9A19103F-16F7-4668-BE54-9A1E7A4F7556}") = "Resources", "Resources\Resources.csproj", "{F73DA1C6-4ED5-4FA6-994F-EDD80F298D79}"
EndProject
Project("{9A19103F-16F7-4668-BE54-9A1E7A4F7556}") = "Client.Core.Test", "Client.Core.Test\Client.Core.Test.csproj", "{DB04E167-132A-44F5-9F9C-48E5B5F614F1}"
EndProject
Project("{9A19103F-16F7-4668-BE54-9A1E7A4F7556}") = "FrameworksAndDrivers.Data.Xml.Test", "FrameworksAndDrivers.Data.Xml.Test\FrameworksAndDrivers.Data.Xml.Test.csproj", "{CBAE71F5-DCFD-4990-8C29-217158479A7B}"
EndProject
Project("{9A19103F-16F7-4668-BE54-9A1E7A4F7556}") = "FrameworksAndDrivers.DataGate", "FrameworksAndDrivers.DataGate\FrameworksAndDrivers.DataGate.csproj", "{F2DC5528-8F4E-49A1-A0A3-796691C7E257}"
EndProject
Project("{9A19103F-16F7-4668-BE54-9A1E7A4F7556}") = "FrameworksAndDrivers.DataGate.Test", "FrameworksAndDrivers.DataGate.Test\FrameworksAndDrivers.DataGate.Test.csproj", "{DFAEA8F5-6875-48DF-8C56-F83432393614}"
EndProject
Project("{9A19103F-16F7-4668-BE54-9A1E7A4F7556}") = "InterfaceAdapters.Test", "InterfaceAdapters.Test\InterfaceAdapters.Test.csproj", "{28371A4B-98CD-4F21-8B2E-F88AE936FDEF}"
EndProject
Project("{9A19103F-16F7-4668-BE54-9A1E7A4F7556}") = "FrameworksAndDrivers.Gui.Wpf.Test", "FrameworksAndDrivers.Gui.Wpf.Test\FrameworksAndDrivers.Gui.Wpf.Test.csproj", "{EB82C81D-95FC-44DE-A3A5-6A59AC8138A1}"
EndProject
Project("{9A19103F-16F7-4668-BE54-9A1E7A4F7556}") = "ServerConnections.Test", "ServerConnections.Test\ServerConnections.Test.csproj", "{FC2F7B33-7D7F-41A3-9302-80E9476E60CE}"
EndProject
Project("{9A19103F-16F7-4668-BE54-9A1E7A4F7556}") = "FrameworksAndDrivers.ToastNotification", "FrameworksAndDrivers.ToastNotification\FrameworksAndDrivers.ToastNotification.csproj", "{B6FC7DEC-D0A3-4684-BEC0-C17A526DA807}"
EndProject
Project("{9A19103F-16F7-4668-BE54-9A1E7A4F7556}") = "StartUp", "StartUp\StartUp.csproj", "{A26BC4F1-90C1-4F9B-9DFA-468CE099AC01}"
EndProject
Project("{9A19103F-16F7-4668-BE54-9A1E7A4F7556}") = "UnlockToolTest", "UnlockToolTest\UnlockToolTest.csproj", "{79AF3578-7C88-4E9A-B7FB-A0506D5EED99}"
EndProject
Project("{9A19103F-16F7-4668-BE54-9A1E7A4F7556}") = "UnlockTool", "UnlockTool\UnlockTool.csproj", "{187E0D72-A61E-4E7A-B3A1-2CC7D5D070C6}"
EndProject
Project("{2150E333-8FDC-42A3-9474-1A3956D46DE8}") = "Client", "Client", "{7798554C-7693-4E1C-8180-0AB61351765F}"
EndProject
Project("{2150E333-8FDC-42A3-9474-1A3956D46DE8}") = "Server", "Server", "{01843BC8-4E7B-47F7-A14B-30F581811B47}"
EndProject
Project("{9A19103F-16F7-4668-BE54-9A1E7A4F7556}") = "gRPC.Service", "gRPC.Service\gRPC.Service.csproj", "{63E74E13-7466-497C-AD11-CFE2D8B4FC89}"
EndProject
Project("{9A19103F-16F7-4668-BE54-9A1E7A4F7556}") = "Proto", "Proto\Proto.csproj", "{AEFD9CF3-0E81-4CB2-B789-1EC33A935DC8}"
EndProject
Project("{9A19103F-16F7-4668-BE54-9A1E7A4F7556}") = "FrameworksAndDrivers.NetworkView", "FrameworksAndDrivers.Networkview\FrameworksAndDrivers.NetworkView.csproj", "{BE62885B-FD45-4323-B94A-11EBED7166C7}"
EndProject
Project("{9A19103F-16F7-4668-BE54-9A1E7A4F7556}") = "Server.UseCases", "Server.UseCases\Server.UseCases.csproj", "{36F8CF86-BBD6-48F0-8094-D40B7B111C15}"
EndProject
Project("{9A19103F-16F7-4668-BE54-9A1E7A4F7556}") = "Server.UseCases.Test", "Server.UseCases.Test\Server.UseCases.Test.csproj", "{AFDD15BC-7ACD-48DE-8C04-0DD40A723599}"
EndProject
Project("{9A19103F-16F7-4668-BE54-9A1E7A4F7556}") = "FrameworksAndDrivers.NetworkView.Test", "FrameworksAndDrivers.NetworkView.Test\FrameworksAndDrivers.NetworkView.Test.csproj", "{17A14295-F7E3-4E4C-8228-98268F5C11D0}"
EndProject
Project("{9A19103F-16F7-4668-BE54-9A1E7A4F7556}") = "FrameworksAndDrivers.DataAccess", "FrameworksAndDrivers.DataAccess\FrameworksAndDrivers.DataAccess.csproj", "{049E3983-52D2-4753-8ABE-416CCC2F6F9E}"
EndProject
Project("{9A19103F-16F7-4668-BE54-9A1E7A4F7556}") = "FrameworksAndDrivers.DataAccess.Test", "FrameworksAndDrivers.DataAccess.Test\FrameworksAndDrivers.DataAccess.Test.csproj", "{B493D955-94AE-4087-B14C-FB7B69CB47A2}"
EndProject
Project("{9A19103F-16F7-4668-BE54-9A1E7A4F7556}") = "FrameworksAndDrivers.Authentication", "FrameworksAndDrivers.Authentication\FrameworksAndDrivers.Authentication.csproj", "{09B71192-82F3-491A-97A2-103340DFBB88}"
EndProject
Project("{9A19103F-16F7-4668-BE54-9A1E7A4F7556}") = "FrameworksAndDrivers.Authentication.Test", "FrameworksAndDrivers.Authentication.Test\FrameworksAndDrivers.Authentication.Test.csproj", "{F308528A-830A-4030-8F14-387A36F40C95}"
EndProject
Project("{9A19103F-16F7-4668-BE54-9A1E7A4F7556}") = "FrameworksAndDrivers.RemoteData.GRPC", "FrameworksAndDrivers.RemoteData.GRPC\FrameworksAndDrivers.RemoteData.GRPC.csproj", "{E2A52AAE-636F-4C3D-84BE-266241ED1197}"
EndProject
Project("{9A19103F-16F7-4668-BE54-9A1E7A4F7556}") = "FrameworksAndDrivers.RemoteData.GRPC.Test", "FrameworksAndDrivers.RemoteData.GRPC.Test\FrameworksAndDrivers.RemoteData.GRPC.Test.csproj", "{D8A65471-2C15-4DBE-92D2-9937EFDD8E53}"
EndProject
Project("{9A19103F-16F7-4668-BE54-9A1E7A4F7556}") = "Client.UseCases", "Client.UseCases\Client.UseCases.csproj", "{DCC9F3C6-E01E-420F-A4E6-0A935CBBA60F}"
EndProject
Project("{9A19103F-16F7-4668-BE54-9A1E7A4F7556}") = "Client.UseCases.Test", "Client.UseCases.Test\Client.UseCases.Test.csproj", "{777332B0-0413-404C-80DE-EBBD2CD8545E}"
EndProject
Project("{2150E333-8FDC-42A3-9474-1A3956D46DE8}") = "Common", "Common", "{CD5C43E6-1940-48D3-94B8-0DD3C972C7E8}"
EndProject
Project("{9A19103F-16F7-4668-BE54-9A1E7A4F7556}") = "TestHelper", "TestHelper\TestHelper.csproj", "{C40DBF29-7664-4A9B-8551-764B425C4B8A}"
EndProject
Project("{9A19103F-16F7-4668-BE54-9A1E7A4F7556}") = "FrameworksAndDrivers.PasswordUtilities", "FrameworksAndDrivers.PasswordUtilities\FrameworksAndDrivers.PasswordUtilities.csproj", "{028792D3-7B56-4F03-A40A-64403114D889}"
EndProject
Project("{9A19103F-16F7-4668-BE54-9A1E7A4F7556}") = "CertificateTool", "CertificateTool\CertificateTool.csproj", "{4D6C3C1C-FB90-4194-AA0B-558999EB92C5}"
EndProject
Project("{9A19103F-16F7-4668-BE54-9A1E7A4F7556}") = "FrameworksAndDrivers.CertificateStoreAccess", "FrameworksAndDrivers.CertificateStoreAccess\FrameworksAndDrivers.CertificateStoreAccess.csproj", "{50E4C7E7-6DB1-4903-9003-0C1BCD30C882}"
EndProject
Project("{2150E333-8FDC-42A3-9474-1A3956D46DE8}") = "License", "License", "{3517537A-E4D3-42B0-8AC5-45E0433D24FE}"
EndProject
Project("{9A19103F-16F7-4668-BE54-9A1E7A4F7556}") = "License.Entities", "License.Entities\License.Entities.csproj", "{910E92DC-AED7-4A0A-8E02-C9E28F76B337}"
EndProject
Project("{9A19103F-16F7-4668-BE54-9A1E7A4F7556}") = "License.FrameworksAndDrivers.DataAccess", "License.FramworksAndDrivers.DataAccess\License.FrameworksAndDrivers.DataAccess.csproj", "{8C9621DA-BEBB-4FE4-AF9B-D5D1AF99DE8A}"
EndProject
Project("{9A19103F-16F7-4668-BE54-9A1E7A4F7556}") = "License.UseCases", "License.UseCases\License.UseCases.csproj", "{6D4BA095-3F16-4047-B59A-5C331DC20897}"
EndProject
Project("{9A19103F-16F7-4668-BE54-9A1E7A4F7556}") = "Common.UseCases", "Common.UseCases\Common.UseCases.csproj", "{EE51C971-57DF-4999-AC86-BBFB1220D20F}"
EndProject
Project("{9A19103F-16F7-4668-BE54-9A1E7A4F7556}") = "T4Mapper", "T4Mapper\T4Mapper.csproj", "{97374576-97C0-46B9-A64F-FA5CB59B1079}"
EndProject
Project("{9A19103F-16F7-4668-BE54-9A1E7A4F7556}") = "T4Mapper.Test", "T4Mapper.Test\T4Mapper.Test.csproj", "{30DA1950-F21E-451F-B5BB-C0A192E20977}"
EndProject
Project("{9A19103F-16F7-4668-BE54-9A1E7A4F7556}") = "Server.Core", "Server.Core\Server.Core.csproj", "{43B523D1-93AA-480D-8C9D-74DB60A3EA86}"
EndProject
Project("{9A19103F-16F7-4668-BE54-9A1E7A4F7556}") = "Common.Types", "Common.Types\Common.Types.csproj", "{E856DF6D-E432-4937-8969-92171146EACC}"
EndProject
Project("{9A19103F-16F7-4668-BE54-9A1E7A4F7556}") = "Server.TestHelper", "Server.TestHelper\Server.TestHelper.csproj", "{40219FDC-22DD-4094-86C7-D41E955D9C59}"
EndProject
Project("{9A19103F-16F7-4668-BE54-9A1E7A4F7556}") = "Server.Core.Test", "Server.Core.Test\Server.Core.Test.csproj", "{FB25A620-7345-418A-B3E9-B6812FCF26C9}"
EndProject
Project("{9A19103F-16F7-4668-BE54-9A1E7A4F7556}") = "Common.Types.Test", "Common.Types.Test\Common.Types.Test.csproj", "{28956206-A25E-4E9D-B666-401D23363360}"
EndProject
Project("{9A19103F-16F7-4668-BE54-9A1E7A4F7556}") = "ServerConfigTool", "ServerConfigTool\ServerConfigTool.csproj", "{D2E6ABFE-B0C9-4400-9BDC-D06ABB3EF16A}"
EndProject
Project("{9A19103F-16F7-4668-BE54-9A1E7A4F7556}") = "FrameworksAndDrivers.Data.Registry", "FrameworksAndDrivers.Data.Registry\FrameworksAndDrivers.Data.Registry.csproj", "{E49D283A-543C-4C38-A698-5C06B90F2823}"
EndProject
Project("{9A19103F-16F7-4668-BE54-9A1E7A4F7556}") = "FrameworksAndDrivers.UnQLite", "FrameworksAndDrivers.UnQLite\FrameworksAndDrivers.UnQLite.csproj", "{C2585F5A-55E3-4192-A1E9-F8E1470E3E05}"
EndProject
Project("{2150E333-8FDC-42A3-9474-1A3956D46DE8}") = "Solution Items", "Solution Items", "{921B6605-0A52-4DD3-A7F2-894E259F6E3F}"
	ProjectSection(SolutionItems) = preProject
		Testsettings.runsettings = Testsettings.runsettings
	EndProjectSection
EndProject
Global
	GlobalSection(SolutionConfigurationPlatforms) = preSolution
		Debug|Any CPU = Debug|Any CPU
		Debug|x64 = Debug|x64
		Debug|x86 = Debug|x86
		Release|Any CPU = Release|Any CPU
		Release|x64 = Release|x64
		Release|x86 = Release|x86
	EndGlobalSection
	GlobalSection(ProjectConfigurationPlatforms) = postSolution
		{2307B01F-1A34-4DC7-B99E-12343AFECA7B}.Debug|Any CPU.ActiveCfg = Debug|Any CPU
		{2307B01F-1A34-4DC7-B99E-12343AFECA7B}.Debug|Any CPU.Build.0 = Debug|Any CPU
		{2307B01F-1A34-4DC7-B99E-12343AFECA7B}.Debug|x64.ActiveCfg = Debug|Any CPU
		{2307B01F-1A34-4DC7-B99E-12343AFECA7B}.Debug|x64.Build.0 = Debug|Any CPU
		{2307B01F-1A34-4DC7-B99E-12343AFECA7B}.Debug|x86.ActiveCfg = Debug|Any CPU
		{2307B01F-1A34-4DC7-B99E-12343AFECA7B}.Debug|x86.Build.0 = Debug|Any CPU
		{2307B01F-1A34-4DC7-B99E-12343AFECA7B}.Release|Any CPU.ActiveCfg = Release|Any CPU
		{2307B01F-1A34-4DC7-B99E-12343AFECA7B}.Release|Any CPU.Build.0 = Release|Any CPU
		{2307B01F-1A34-4DC7-B99E-12343AFECA7B}.Release|x64.ActiveCfg = Release|Any CPU
		{2307B01F-1A34-4DC7-B99E-12343AFECA7B}.Release|x64.Build.0 = Release|Any CPU
		{2307B01F-1A34-4DC7-B99E-12343AFECA7B}.Release|x86.ActiveCfg = Release|x86
		{2307B01F-1A34-4DC7-B99E-12343AFECA7B}.Release|x86.Build.0 = Release|x86
		{4081679C-4B64-4331-9E6A-65924475A740}.Debug|Any CPU.ActiveCfg = Debug|Any CPU
		{4081679C-4B64-4331-9E6A-65924475A740}.Debug|Any CPU.Build.0 = Debug|Any CPU
		{4081679C-4B64-4331-9E6A-65924475A740}.Debug|x64.ActiveCfg = Debug|Any CPU
		{4081679C-4B64-4331-9E6A-65924475A740}.Debug|x64.Build.0 = Debug|Any CPU
		{4081679C-4B64-4331-9E6A-65924475A740}.Debug|x86.ActiveCfg = Debug|x86
		{4081679C-4B64-4331-9E6A-65924475A740}.Debug|x86.Build.0 = Debug|x86
		{4081679C-4B64-4331-9E6A-65924475A740}.Release|Any CPU.ActiveCfg = Release|Any CPU
		{4081679C-4B64-4331-9E6A-65924475A740}.Release|Any CPU.Build.0 = Release|Any CPU
		{4081679C-4B64-4331-9E6A-65924475A740}.Release|x64.ActiveCfg = Release|Any CPU
		{4081679C-4B64-4331-9E6A-65924475A740}.Release|x64.Build.0 = Release|Any CPU
		{4081679C-4B64-4331-9E6A-65924475A740}.Release|x86.ActiveCfg = Release|x86
		{4081679C-4B64-4331-9E6A-65924475A740}.Release|x86.Build.0 = Release|x86
		{B8D6B32A-B479-438B-998A-D2542139A0D6}.Debug|Any CPU.ActiveCfg = Debug|Any CPU
		{B8D6B32A-B479-438B-998A-D2542139A0D6}.Debug|Any CPU.Build.0 = Debug|Any CPU
		{B8D6B32A-B479-438B-998A-D2542139A0D6}.Debug|x64.ActiveCfg = Debug|Any CPU
		{B8D6B32A-B479-438B-998A-D2542139A0D6}.Debug|x64.Build.0 = Debug|Any CPU
		{B8D6B32A-B479-438B-998A-D2542139A0D6}.Debug|x86.ActiveCfg = Debug|x86
		{B8D6B32A-B479-438B-998A-D2542139A0D6}.Debug|x86.Build.0 = Debug|x86
		{B8D6B32A-B479-438B-998A-D2542139A0D6}.Release|Any CPU.ActiveCfg = Release|Any CPU
		{B8D6B32A-B479-438B-998A-D2542139A0D6}.Release|Any CPU.Build.0 = Release|Any CPU
		{B8D6B32A-B479-438B-998A-D2542139A0D6}.Release|x64.ActiveCfg = Release|Any CPU
		{B8D6B32A-B479-438B-998A-D2542139A0D6}.Release|x64.Build.0 = Release|Any CPU
		{B8D6B32A-B479-438B-998A-D2542139A0D6}.Release|x86.ActiveCfg = Release|x86
		{B8D6B32A-B479-438B-998A-D2542139A0D6}.Release|x86.Build.0 = Release|x86
		{C0F9404F-44F9-4379-B682-9258068F856F}.Debug|Any CPU.ActiveCfg = Debug|Any CPU
		{C0F9404F-44F9-4379-B682-9258068F856F}.Debug|Any CPU.Build.0 = Debug|Any CPU
		{C0F9404F-44F9-4379-B682-9258068F856F}.Debug|x64.ActiveCfg = Debug|Any CPU
		{C0F9404F-44F9-4379-B682-9258068F856F}.Debug|x64.Build.0 = Debug|Any CPU
		{C0F9404F-44F9-4379-B682-9258068F856F}.Debug|x86.ActiveCfg = Debug|x86
		{C0F9404F-44F9-4379-B682-9258068F856F}.Debug|x86.Build.0 = Debug|x86
		{C0F9404F-44F9-4379-B682-9258068F856F}.Release|Any CPU.ActiveCfg = Release|Any CPU
		{C0F9404F-44F9-4379-B682-9258068F856F}.Release|Any CPU.Build.0 = Release|Any CPU
		{C0F9404F-44F9-4379-B682-9258068F856F}.Release|x64.ActiveCfg = Release|Any CPU
		{C0F9404F-44F9-4379-B682-9258068F856F}.Release|x64.Build.0 = Release|Any CPU
		{C0F9404F-44F9-4379-B682-9258068F856F}.Release|x86.ActiveCfg = Release|x86
		{C0F9404F-44F9-4379-B682-9258068F856F}.Release|x86.Build.0 = Release|x86
		{3A82678E-7DA9-4817-A3A8-817619C41F59}.Debug|Any CPU.ActiveCfg = Debug|Any CPU
		{3A82678E-7DA9-4817-A3A8-817619C41F59}.Debug|Any CPU.Build.0 = Debug|Any CPU
		{3A82678E-7DA9-4817-A3A8-817619C41F59}.Debug|x64.ActiveCfg = Debug|Any CPU
		{3A82678E-7DA9-4817-A3A8-817619C41F59}.Debug|x64.Build.0 = Debug|Any CPU
		{3A82678E-7DA9-4817-A3A8-817619C41F59}.Debug|x86.ActiveCfg = Debug|x86
		{3A82678E-7DA9-4817-A3A8-817619C41F59}.Debug|x86.Build.0 = Debug|x86
		{3A82678E-7DA9-4817-A3A8-817619C41F59}.Release|Any CPU.ActiveCfg = Release|Any CPU
		{3A82678E-7DA9-4817-A3A8-817619C41F59}.Release|Any CPU.Build.0 = Release|Any CPU
		{3A82678E-7DA9-4817-A3A8-817619C41F59}.Release|x64.ActiveCfg = Release|Any CPU
		{3A82678E-7DA9-4817-A3A8-817619C41F59}.Release|x64.Build.0 = Release|Any CPU
		{3A82678E-7DA9-4817-A3A8-817619C41F59}.Release|x86.ActiveCfg = Release|x86
		{3A82678E-7DA9-4817-A3A8-817619C41F59}.Release|x86.Build.0 = Release|x86
		{FD3A9D1D-8459-4F11-9016-E5BDF937A88A}.Debug|Any CPU.ActiveCfg = Debug|Any CPU
		{FD3A9D1D-8459-4F11-9016-E5BDF937A88A}.Debug|Any CPU.Build.0 = Debug|Any CPU
		{FD3A9D1D-8459-4F11-9016-E5BDF937A88A}.Debug|x64.ActiveCfg = Debug|Any CPU
		{FD3A9D1D-8459-4F11-9016-E5BDF937A88A}.Debug|x64.Build.0 = Debug|Any CPU
		{FD3A9D1D-8459-4F11-9016-E5BDF937A88A}.Debug|x86.ActiveCfg = Debug|x86
		{FD3A9D1D-8459-4F11-9016-E5BDF937A88A}.Debug|x86.Build.0 = Debug|x86
		{FD3A9D1D-8459-4F11-9016-E5BDF937A88A}.Release|Any CPU.ActiveCfg = Release|Any CPU
		{FD3A9D1D-8459-4F11-9016-E5BDF937A88A}.Release|Any CPU.Build.0 = Release|Any CPU
		{FD3A9D1D-8459-4F11-9016-E5BDF937A88A}.Release|x64.ActiveCfg = Release|Any CPU
		{FD3A9D1D-8459-4F11-9016-E5BDF937A88A}.Release|x64.Build.0 = Release|Any CPU
		{FD3A9D1D-8459-4F11-9016-E5BDF937A88A}.Release|x86.ActiveCfg = Release|x86
		{FD3A9D1D-8459-4F11-9016-E5BDF937A88A}.Release|x86.Build.0 = Release|x86
		{6536D661-D964-4CA9-8678-DAB0EB2B6C54}.Debug|Any CPU.ActiveCfg = Debug|Any CPU
		{6536D661-D964-4CA9-8678-DAB0EB2B6C54}.Debug|Any CPU.Build.0 = Debug|Any CPU
		{6536D661-D964-4CA9-8678-DAB0EB2B6C54}.Debug|x64.ActiveCfg = Debug|Any CPU
		{6536D661-D964-4CA9-8678-DAB0EB2B6C54}.Debug|x64.Build.0 = Debug|Any CPU
		{6536D661-D964-4CA9-8678-DAB0EB2B6C54}.Debug|x86.ActiveCfg = Debug|x86
		{6536D661-D964-4CA9-8678-DAB0EB2B6C54}.Debug|x86.Build.0 = Debug|x86
		{6536D661-D964-4CA9-8678-DAB0EB2B6C54}.Release|Any CPU.ActiveCfg = Release|Any CPU
		{6536D661-D964-4CA9-8678-DAB0EB2B6C54}.Release|Any CPU.Build.0 = Release|Any CPU
		{6536D661-D964-4CA9-8678-DAB0EB2B6C54}.Release|x64.ActiveCfg = Release|Any CPU
		{6536D661-D964-4CA9-8678-DAB0EB2B6C54}.Release|x64.Build.0 = Release|Any CPU
		{6536D661-D964-4CA9-8678-DAB0EB2B6C54}.Release|x86.ActiveCfg = Release|x86
		{6536D661-D964-4CA9-8678-DAB0EB2B6C54}.Release|x86.Build.0 = Release|x86
		{01FAE5DE-E740-42F0-8DAC-2BA9DBFFF5B9}.Debug|Any CPU.ActiveCfg = Debug|Any CPU
		{01FAE5DE-E740-42F0-8DAC-2BA9DBFFF5B9}.Debug|Any CPU.Build.0 = Debug|Any CPU
		{01FAE5DE-E740-42F0-8DAC-2BA9DBFFF5B9}.Debug|x64.ActiveCfg = Debug|Any CPU
		{01FAE5DE-E740-42F0-8DAC-2BA9DBFFF5B9}.Debug|x64.Build.0 = Debug|Any CPU
		{01FAE5DE-E740-42F0-8DAC-2BA9DBFFF5B9}.Debug|x86.ActiveCfg = Debug|x86
		{01FAE5DE-E740-42F0-8DAC-2BA9DBFFF5B9}.Debug|x86.Build.0 = Debug|x86
		{01FAE5DE-E740-42F0-8DAC-2BA9DBFFF5B9}.Release|Any CPU.ActiveCfg = Release|Any CPU
		{01FAE5DE-E740-42F0-8DAC-2BA9DBFFF5B9}.Release|Any CPU.Build.0 = Release|Any CPU
		{01FAE5DE-E740-42F0-8DAC-2BA9DBFFF5B9}.Release|x64.ActiveCfg = Release|Any CPU
		{01FAE5DE-E740-42F0-8DAC-2BA9DBFFF5B9}.Release|x64.Build.0 = Release|Any CPU
		{01FAE5DE-E740-42F0-8DAC-2BA9DBFFF5B9}.Release|x86.ActiveCfg = Release|x86
		{01FAE5DE-E740-42F0-8DAC-2BA9DBFFF5B9}.Release|x86.Build.0 = Release|x86
		{E6F10418-D206-4E01-9A88-7445BA13D024}.Debug|Any CPU.ActiveCfg = Debug|Any CPU
		{E6F10418-D206-4E01-9A88-7445BA13D024}.Debug|Any CPU.Build.0 = Debug|Any CPU
		{E6F10418-D206-4E01-9A88-7445BA13D024}.Debug|x64.ActiveCfg = Debug|Any CPU
		{E6F10418-D206-4E01-9A88-7445BA13D024}.Debug|x64.Build.0 = Debug|Any CPU
		{E6F10418-D206-4E01-9A88-7445BA13D024}.Debug|x86.ActiveCfg = Debug|x86
		{E6F10418-D206-4E01-9A88-7445BA13D024}.Debug|x86.Build.0 = Debug|x86
		{E6F10418-D206-4E01-9A88-7445BA13D024}.Release|Any CPU.ActiveCfg = Release|Any CPU
		{E6F10418-D206-4E01-9A88-7445BA13D024}.Release|Any CPU.Build.0 = Release|Any CPU
		{E6F10418-D206-4E01-9A88-7445BA13D024}.Release|x64.ActiveCfg = Release|Any CPU
		{E6F10418-D206-4E01-9A88-7445BA13D024}.Release|x64.Build.0 = Release|Any CPU
		{E6F10418-D206-4E01-9A88-7445BA13D024}.Release|x86.ActiveCfg = Release|x86
		{E6F10418-D206-4E01-9A88-7445BA13D024}.Release|x86.Build.0 = Release|x86
		{BBE1DF65-227F-4819-9484-A04D23B15CF7}.Debug|Any CPU.ActiveCfg = Debug|Any CPU
		{BBE1DF65-227F-4819-9484-A04D23B15CF7}.Debug|Any CPU.Build.0 = Debug|Any CPU
		{BBE1DF65-227F-4819-9484-A04D23B15CF7}.Debug|x64.ActiveCfg = Debug|Any CPU
		{BBE1DF65-227F-4819-9484-A04D23B15CF7}.Debug|x64.Build.0 = Debug|Any CPU
		{BBE1DF65-227F-4819-9484-A04D23B15CF7}.Debug|x86.ActiveCfg = Debug|x86
		{BBE1DF65-227F-4819-9484-A04D23B15CF7}.Debug|x86.Build.0 = Debug|x86
		{BBE1DF65-227F-4819-9484-A04D23B15CF7}.Release|Any CPU.ActiveCfg = Release|Any CPU
		{BBE1DF65-227F-4819-9484-A04D23B15CF7}.Release|Any CPU.Build.0 = Release|Any CPU
		{BBE1DF65-227F-4819-9484-A04D23B15CF7}.Release|x64.ActiveCfg = Release|Any CPU
		{BBE1DF65-227F-4819-9484-A04D23B15CF7}.Release|x64.Build.0 = Release|Any CPU
		{BBE1DF65-227F-4819-9484-A04D23B15CF7}.Release|x86.ActiveCfg = Release|x86
		{BBE1DF65-227F-4819-9484-A04D23B15CF7}.Release|x86.Build.0 = Release|x86
		{77C6726D-2134-4C23-B735-621431FDC062}.Debug|Any CPU.ActiveCfg = Debug|Any CPU
		{77C6726D-2134-4C23-B735-621431FDC062}.Debug|Any CPU.Build.0 = Debug|Any CPU
		{77C6726D-2134-4C23-B735-621431FDC062}.Debug|x64.ActiveCfg = Debug|Any CPU
		{77C6726D-2134-4C23-B735-621431FDC062}.Debug|x64.Build.0 = Debug|Any CPU
		{77C6726D-2134-4C23-B735-621431FDC062}.Debug|x86.ActiveCfg = Debug|x86
		{77C6726D-2134-4C23-B735-621431FDC062}.Debug|x86.Build.0 = Debug|x86
		{77C6726D-2134-4C23-B735-621431FDC062}.Release|Any CPU.ActiveCfg = Release|Any CPU
		{77C6726D-2134-4C23-B735-621431FDC062}.Release|Any CPU.Build.0 = Release|Any CPU
		{77C6726D-2134-4C23-B735-621431FDC062}.Release|x64.ActiveCfg = Release|Any CPU
		{77C6726D-2134-4C23-B735-621431FDC062}.Release|x64.Build.0 = Release|Any CPU
		{77C6726D-2134-4C23-B735-621431FDC062}.Release|x86.ActiveCfg = Release|x86
		{77C6726D-2134-4C23-B735-621431FDC062}.Release|x86.Build.0 = Release|x86
		{E518ED93-A45E-4653-A22F-BAD00A5064D2}.Debug|Any CPU.ActiveCfg = Debug|Any CPU
		{E518ED93-A45E-4653-A22F-BAD00A5064D2}.Debug|Any CPU.Build.0 = Debug|Any CPU
		{E518ED93-A45E-4653-A22F-BAD00A5064D2}.Debug|x64.ActiveCfg = Debug|Any CPU
		{E518ED93-A45E-4653-A22F-BAD00A5064D2}.Debug|x64.Build.0 = Debug|Any CPU
		{E518ED93-A45E-4653-A22F-BAD00A5064D2}.Debug|x86.ActiveCfg = Debug|x86
		{E518ED93-A45E-4653-A22F-BAD00A5064D2}.Debug|x86.Build.0 = Debug|x86
		{E518ED93-A45E-4653-A22F-BAD00A5064D2}.Release|Any CPU.ActiveCfg = Release|Any CPU
		{E518ED93-A45E-4653-A22F-BAD00A5064D2}.Release|Any CPU.Build.0 = Release|Any CPU
		{E518ED93-A45E-4653-A22F-BAD00A5064D2}.Release|x64.ActiveCfg = Release|Any CPU
		{E518ED93-A45E-4653-A22F-BAD00A5064D2}.Release|x64.Build.0 = Release|Any CPU
		{E518ED93-A45E-4653-A22F-BAD00A5064D2}.Release|x86.ActiveCfg = Release|x86
		{E518ED93-A45E-4653-A22F-BAD00A5064D2}.Release|x86.Build.0 = Release|x86
		{F73DA1C6-4ED5-4FA6-994F-EDD80F298D79}.Debug|Any CPU.ActiveCfg = Debug|Any CPU
		{F73DA1C6-4ED5-4FA6-994F-EDD80F298D79}.Debug|Any CPU.Build.0 = Debug|Any CPU
		{F73DA1C6-4ED5-4FA6-994F-EDD80F298D79}.Debug|x64.ActiveCfg = Debug|Any CPU
		{F73DA1C6-4ED5-4FA6-994F-EDD80F298D79}.Debug|x64.Build.0 = Debug|Any CPU
		{F73DA1C6-4ED5-4FA6-994F-EDD80F298D79}.Debug|x86.ActiveCfg = Debug|x86
		{F73DA1C6-4ED5-4FA6-994F-EDD80F298D79}.Debug|x86.Build.0 = Debug|x86
		{F73DA1C6-4ED5-4FA6-994F-EDD80F298D79}.Release|Any CPU.ActiveCfg = Release|Any CPU
		{F73DA1C6-4ED5-4FA6-994F-EDD80F298D79}.Release|Any CPU.Build.0 = Release|Any CPU
		{F73DA1C6-4ED5-4FA6-994F-EDD80F298D79}.Release|x64.ActiveCfg = Release|Any CPU
		{F73DA1C6-4ED5-4FA6-994F-EDD80F298D79}.Release|x64.Build.0 = Release|Any CPU
		{F73DA1C6-4ED5-4FA6-994F-EDD80F298D79}.Release|x86.ActiveCfg = Release|x86
		{F73DA1C6-4ED5-4FA6-994F-EDD80F298D79}.Release|x86.Build.0 = Release|x86
		{DB04E167-132A-44F5-9F9C-48E5B5F614F1}.Debug|Any CPU.ActiveCfg = Debug|Any CPU
		{DB04E167-132A-44F5-9F9C-48E5B5F614F1}.Debug|Any CPU.Build.0 = Debug|Any CPU
		{DB04E167-132A-44F5-9F9C-48E5B5F614F1}.Debug|x64.ActiveCfg = Debug|Any CPU
		{DB04E167-132A-44F5-9F9C-48E5B5F614F1}.Debug|x64.Build.0 = Debug|Any CPU
		{DB04E167-132A-44F5-9F9C-48E5B5F614F1}.Debug|x86.ActiveCfg = Debug|x86
		{DB04E167-132A-44F5-9F9C-48E5B5F614F1}.Debug|x86.Build.0 = Debug|x86
		{DB04E167-132A-44F5-9F9C-48E5B5F614F1}.Release|Any CPU.ActiveCfg = Release|Any CPU
		{DB04E167-132A-44F5-9F9C-48E5B5F614F1}.Release|Any CPU.Build.0 = Release|Any CPU
		{DB04E167-132A-44F5-9F9C-48E5B5F614F1}.Release|x64.ActiveCfg = Release|Any CPU
		{DB04E167-132A-44F5-9F9C-48E5B5F614F1}.Release|x64.Build.0 = Release|Any CPU
		{DB04E167-132A-44F5-9F9C-48E5B5F614F1}.Release|x86.ActiveCfg = Release|x86
		{DB04E167-132A-44F5-9F9C-48E5B5F614F1}.Release|x86.Build.0 = Release|x86
		{CBAE71F5-DCFD-4990-8C29-217158479A7B}.Debug|Any CPU.ActiveCfg = Debug|Any CPU
		{CBAE71F5-DCFD-4990-8C29-217158479A7B}.Debug|Any CPU.Build.0 = Debug|Any CPU
		{CBAE71F5-DCFD-4990-8C29-217158479A7B}.Debug|x64.ActiveCfg = Debug|Any CPU
		{CBAE71F5-DCFD-4990-8C29-217158479A7B}.Debug|x64.Build.0 = Debug|Any CPU
		{CBAE71F5-DCFD-4990-8C29-217158479A7B}.Debug|x86.ActiveCfg = Debug|x86
		{CBAE71F5-DCFD-4990-8C29-217158479A7B}.Debug|x86.Build.0 = Debug|x86
		{CBAE71F5-DCFD-4990-8C29-217158479A7B}.Release|Any CPU.ActiveCfg = Release|Any CPU
		{CBAE71F5-DCFD-4990-8C29-217158479A7B}.Release|Any CPU.Build.0 = Release|Any CPU
		{CBAE71F5-DCFD-4990-8C29-217158479A7B}.Release|x64.ActiveCfg = Release|Any CPU
		{CBAE71F5-DCFD-4990-8C29-217158479A7B}.Release|x64.Build.0 = Release|Any CPU
		{CBAE71F5-DCFD-4990-8C29-217158479A7B}.Release|x86.ActiveCfg = Release|x86
		{CBAE71F5-DCFD-4990-8C29-217158479A7B}.Release|x86.Build.0 = Release|x86
		{F2DC5528-8F4E-49A1-A0A3-796691C7E257}.Debug|Any CPU.ActiveCfg = Debug|Any CPU
		{F2DC5528-8F4E-49A1-A0A3-796691C7E257}.Debug|Any CPU.Build.0 = Debug|Any CPU
		{F2DC5528-8F4E-49A1-A0A3-796691C7E257}.Debug|x64.ActiveCfg = Debug|Any CPU
		{F2DC5528-8F4E-49A1-A0A3-796691C7E257}.Debug|x64.Build.0 = Debug|Any CPU
		{F2DC5528-8F4E-49A1-A0A3-796691C7E257}.Debug|x86.ActiveCfg = Debug|x86
		{F2DC5528-8F4E-49A1-A0A3-796691C7E257}.Debug|x86.Build.0 = Debug|x86
		{F2DC5528-8F4E-49A1-A0A3-796691C7E257}.Release|Any CPU.ActiveCfg = Release|Any CPU
		{F2DC5528-8F4E-49A1-A0A3-796691C7E257}.Release|Any CPU.Build.0 = Release|Any CPU
		{F2DC5528-8F4E-49A1-A0A3-796691C7E257}.Release|x64.ActiveCfg = Release|Any CPU
		{F2DC5528-8F4E-49A1-A0A3-796691C7E257}.Release|x64.Build.0 = Release|Any CPU
		{F2DC5528-8F4E-49A1-A0A3-796691C7E257}.Release|x86.ActiveCfg = Release|x86
		{F2DC5528-8F4E-49A1-A0A3-796691C7E257}.Release|x86.Build.0 = Release|x86
		{DFAEA8F5-6875-48DF-8C56-F83432393614}.Debug|Any CPU.ActiveCfg = Debug|Any CPU
		{DFAEA8F5-6875-48DF-8C56-F83432393614}.Debug|Any CPU.Build.0 = Debug|Any CPU
		{DFAEA8F5-6875-48DF-8C56-F83432393614}.Debug|x64.ActiveCfg = Debug|Any CPU
		{DFAEA8F5-6875-48DF-8C56-F83432393614}.Debug|x64.Build.0 = Debug|Any CPU
		{DFAEA8F5-6875-48DF-8C56-F83432393614}.Debug|x86.ActiveCfg = Debug|x86
		{DFAEA8F5-6875-48DF-8C56-F83432393614}.Debug|x86.Build.0 = Debug|x86
		{DFAEA8F5-6875-48DF-8C56-F83432393614}.Release|Any CPU.ActiveCfg = Release|Any CPU
		{DFAEA8F5-6875-48DF-8C56-F83432393614}.Release|Any CPU.Build.0 = Release|Any CPU
		{DFAEA8F5-6875-48DF-8C56-F83432393614}.Release|x64.ActiveCfg = Release|Any CPU
		{DFAEA8F5-6875-48DF-8C56-F83432393614}.Release|x64.Build.0 = Release|Any CPU
		{DFAEA8F5-6875-48DF-8C56-F83432393614}.Release|x86.ActiveCfg = Release|x86
		{DFAEA8F5-6875-48DF-8C56-F83432393614}.Release|x86.Build.0 = Release|x86
		{28371A4B-98CD-4F21-8B2E-F88AE936FDEF}.Debug|Any CPU.ActiveCfg = Debug|Any CPU
		{28371A4B-98CD-4F21-8B2E-F88AE936FDEF}.Debug|Any CPU.Build.0 = Debug|Any CPU
		{28371A4B-98CD-4F21-8B2E-F88AE936FDEF}.Debug|x64.ActiveCfg = Debug|Any CPU
		{28371A4B-98CD-4F21-8B2E-F88AE936FDEF}.Debug|x64.Build.0 = Debug|Any CPU
		{28371A4B-98CD-4F21-8B2E-F88AE936FDEF}.Debug|x86.ActiveCfg = Debug|x86
		{28371A4B-98CD-4F21-8B2E-F88AE936FDEF}.Debug|x86.Build.0 = Debug|x86
		{28371A4B-98CD-4F21-8B2E-F88AE936FDEF}.Release|Any CPU.ActiveCfg = Release|Any CPU
		{28371A4B-98CD-4F21-8B2E-F88AE936FDEF}.Release|Any CPU.Build.0 = Release|Any CPU
		{28371A4B-98CD-4F21-8B2E-F88AE936FDEF}.Release|x64.ActiveCfg = Release|Any CPU
		{28371A4B-98CD-4F21-8B2E-F88AE936FDEF}.Release|x64.Build.0 = Release|Any CPU
		{28371A4B-98CD-4F21-8B2E-F88AE936FDEF}.Release|x86.ActiveCfg = Release|x86
		{28371A4B-98CD-4F21-8B2E-F88AE936FDEF}.Release|x86.Build.0 = Release|x86
		{EB82C81D-95FC-44DE-A3A5-6A59AC8138A1}.Debug|Any CPU.ActiveCfg = Debug|Any CPU
		{EB82C81D-95FC-44DE-A3A5-6A59AC8138A1}.Debug|Any CPU.Build.0 = Debug|Any CPU
		{EB82C81D-95FC-44DE-A3A5-6A59AC8138A1}.Debug|x64.ActiveCfg = Debug|Any CPU
		{EB82C81D-95FC-44DE-A3A5-6A59AC8138A1}.Debug|x64.Build.0 = Debug|Any CPU
		{EB82C81D-95FC-44DE-A3A5-6A59AC8138A1}.Debug|x86.ActiveCfg = Debug|x86
		{EB82C81D-95FC-44DE-A3A5-6A59AC8138A1}.Debug|x86.Build.0 = Debug|x86
		{EB82C81D-95FC-44DE-A3A5-6A59AC8138A1}.Release|Any CPU.ActiveCfg = Release|Any CPU
		{EB82C81D-95FC-44DE-A3A5-6A59AC8138A1}.Release|Any CPU.Build.0 = Release|Any CPU
		{EB82C81D-95FC-44DE-A3A5-6A59AC8138A1}.Release|x64.ActiveCfg = Release|Any CPU
		{EB82C81D-95FC-44DE-A3A5-6A59AC8138A1}.Release|x64.Build.0 = Release|Any CPU
		{EB82C81D-95FC-44DE-A3A5-6A59AC8138A1}.Release|x86.ActiveCfg = Release|x86
		{EB82C81D-95FC-44DE-A3A5-6A59AC8138A1}.Release|x86.Build.0 = Release|x86
		{FC2F7B33-7D7F-41A3-9302-80E9476E60CE}.Debug|Any CPU.ActiveCfg = Debug|Any CPU
		{FC2F7B33-7D7F-41A3-9302-80E9476E60CE}.Debug|Any CPU.Build.0 = Debug|Any CPU
		{FC2F7B33-7D7F-41A3-9302-80E9476E60CE}.Debug|x64.ActiveCfg = Debug|Any CPU
		{FC2F7B33-7D7F-41A3-9302-80E9476E60CE}.Debug|x64.Build.0 = Debug|Any CPU
		{FC2F7B33-7D7F-41A3-9302-80E9476E60CE}.Debug|x86.ActiveCfg = Debug|x86
		{FC2F7B33-7D7F-41A3-9302-80E9476E60CE}.Debug|x86.Build.0 = Debug|x86
		{FC2F7B33-7D7F-41A3-9302-80E9476E60CE}.Release|Any CPU.ActiveCfg = Release|Any CPU
		{FC2F7B33-7D7F-41A3-9302-80E9476E60CE}.Release|Any CPU.Build.0 = Release|Any CPU
		{FC2F7B33-7D7F-41A3-9302-80E9476E60CE}.Release|x64.ActiveCfg = Release|Any CPU
		{FC2F7B33-7D7F-41A3-9302-80E9476E60CE}.Release|x64.Build.0 = Release|Any CPU
		{FC2F7B33-7D7F-41A3-9302-80E9476E60CE}.Release|x86.ActiveCfg = Release|x86
		{FC2F7B33-7D7F-41A3-9302-80E9476E60CE}.Release|x86.Build.0 = Release|x86
		{B6FC7DEC-D0A3-4684-BEC0-C17A526DA807}.Debug|Any CPU.ActiveCfg = Debug|Any CPU
		{B6FC7DEC-D0A3-4684-BEC0-C17A526DA807}.Debug|Any CPU.Build.0 = Debug|Any CPU
		{B6FC7DEC-D0A3-4684-BEC0-C17A526DA807}.Debug|x64.ActiveCfg = Debug|Any CPU
		{B6FC7DEC-D0A3-4684-BEC0-C17A526DA807}.Debug|x64.Build.0 = Debug|Any CPU
		{B6FC7DEC-D0A3-4684-BEC0-C17A526DA807}.Debug|x86.ActiveCfg = Debug|x86
		{B6FC7DEC-D0A3-4684-BEC0-C17A526DA807}.Debug|x86.Build.0 = Debug|x86
		{B6FC7DEC-D0A3-4684-BEC0-C17A526DA807}.Release|Any CPU.ActiveCfg = Release|Any CPU
		{B6FC7DEC-D0A3-4684-BEC0-C17A526DA807}.Release|Any CPU.Build.0 = Release|Any CPU
		{B6FC7DEC-D0A3-4684-BEC0-C17A526DA807}.Release|x64.ActiveCfg = Release|Any CPU
		{B6FC7DEC-D0A3-4684-BEC0-C17A526DA807}.Release|x64.Build.0 = Release|Any CPU
		{B6FC7DEC-D0A3-4684-BEC0-C17A526DA807}.Release|x86.ActiveCfg = Release|x86
		{B6FC7DEC-D0A3-4684-BEC0-C17A526DA807}.Release|x86.Build.0 = Release|x86
		{A26BC4F1-90C1-4F9B-9DFA-468CE099AC01}.Debug|Any CPU.ActiveCfg = Debug|Any CPU
		{A26BC4F1-90C1-4F9B-9DFA-468CE099AC01}.Debug|Any CPU.Build.0 = Debug|Any CPU
		{A26BC4F1-90C1-4F9B-9DFA-468CE099AC01}.Debug|x64.ActiveCfg = Debug|Any CPU
		{A26BC4F1-90C1-4F9B-9DFA-468CE099AC01}.Debug|x64.Build.0 = Debug|Any CPU
		{A26BC4F1-90C1-4F9B-9DFA-468CE099AC01}.Debug|x86.ActiveCfg = Debug|x86
		{A26BC4F1-90C1-4F9B-9DFA-468CE099AC01}.Debug|x86.Build.0 = Debug|x86
		{A26BC4F1-90C1-4F9B-9DFA-468CE099AC01}.Release|Any CPU.ActiveCfg = Release|Any CPU
		{A26BC4F1-90C1-4F9B-9DFA-468CE099AC01}.Release|Any CPU.Build.0 = Release|Any CPU
		{A26BC4F1-90C1-4F9B-9DFA-468CE099AC01}.Release|x64.ActiveCfg = Release|Any CPU
		{A26BC4F1-90C1-4F9B-9DFA-468CE099AC01}.Release|x64.Build.0 = Release|Any CPU
		{A26BC4F1-90C1-4F9B-9DFA-468CE099AC01}.Release|x86.ActiveCfg = Release|x86
		{A26BC4F1-90C1-4F9B-9DFA-468CE099AC01}.Release|x86.Build.0 = Release|x86
		{79AF3578-7C88-4E9A-B7FB-A0506D5EED99}.Debug|Any CPU.ActiveCfg = Debug|Any CPU
		{79AF3578-7C88-4E9A-B7FB-A0506D5EED99}.Debug|Any CPU.Build.0 = Debug|Any CPU
		{79AF3578-7C88-4E9A-B7FB-A0506D5EED99}.Debug|x64.ActiveCfg = Debug|Any CPU
		{79AF3578-7C88-4E9A-B7FB-A0506D5EED99}.Debug|x64.Build.0 = Debug|Any CPU
		{79AF3578-7C88-4E9A-B7FB-A0506D5EED99}.Debug|x86.ActiveCfg = Debug|Any CPU
		{79AF3578-7C88-4E9A-B7FB-A0506D5EED99}.Debug|x86.Build.0 = Debug|Any CPU
		{79AF3578-7C88-4E9A-B7FB-A0506D5EED99}.Release|Any CPU.ActiveCfg = Release|Any CPU
		{79AF3578-7C88-4E9A-B7FB-A0506D5EED99}.Release|Any CPU.Build.0 = Release|Any CPU
		{79AF3578-7C88-4E9A-B7FB-A0506D5EED99}.Release|x64.ActiveCfg = Release|Any CPU
		{79AF3578-7C88-4E9A-B7FB-A0506D5EED99}.Release|x64.Build.0 = Release|Any CPU
		{79AF3578-7C88-4E9A-B7FB-A0506D5EED99}.Release|x86.ActiveCfg = Release|Any CPU
		{79AF3578-7C88-4E9A-B7FB-A0506D5EED99}.Release|x86.Build.0 = Release|Any CPU
		{187E0D72-A61E-4E7A-B3A1-2CC7D5D070C6}.Debug|Any CPU.ActiveCfg = Debug|Any CPU
		{187E0D72-A61E-4E7A-B3A1-2CC7D5D070C6}.Debug|Any CPU.Build.0 = Debug|Any CPU
		{187E0D72-A61E-4E7A-B3A1-2CC7D5D070C6}.Debug|x64.ActiveCfg = Debug|Any CPU
		{187E0D72-A61E-4E7A-B3A1-2CC7D5D070C6}.Debug|x64.Build.0 = Debug|Any CPU
		{187E0D72-A61E-4E7A-B3A1-2CC7D5D070C6}.Debug|x86.ActiveCfg = Debug|Any CPU
		{187E0D72-A61E-4E7A-B3A1-2CC7D5D070C6}.Debug|x86.Build.0 = Debug|Any CPU
		{187E0D72-A61E-4E7A-B3A1-2CC7D5D070C6}.Release|Any CPU.ActiveCfg = Release|Any CPU
		{187E0D72-A61E-4E7A-B3A1-2CC7D5D070C6}.Release|Any CPU.Build.0 = Release|Any CPU
		{187E0D72-A61E-4E7A-B3A1-2CC7D5D070C6}.Release|x64.ActiveCfg = Release|Any CPU
		{187E0D72-A61E-4E7A-B3A1-2CC7D5D070C6}.Release|x64.Build.0 = Release|Any CPU
		{187E0D72-A61E-4E7A-B3A1-2CC7D5D070C6}.Release|x86.ActiveCfg = Release|Any CPU
		{187E0D72-A61E-4E7A-B3A1-2CC7D5D070C6}.Release|x86.Build.0 = Release|Any CPU
		{63E74E13-7466-497C-AD11-CFE2D8B4FC89}.Debug|Any CPU.ActiveCfg = Debug|Any CPU
		{63E74E13-7466-497C-AD11-CFE2D8B4FC89}.Debug|Any CPU.Build.0 = Debug|Any CPU
		{63E74E13-7466-497C-AD11-CFE2D8B4FC89}.Debug|x64.ActiveCfg = Debug|Any CPU
		{63E74E13-7466-497C-AD11-CFE2D8B4FC89}.Debug|x64.Build.0 = Debug|Any CPU
		{63E74E13-7466-497C-AD11-CFE2D8B4FC89}.Debug|x86.ActiveCfg = Debug|Any CPU
		{63E74E13-7466-497C-AD11-CFE2D8B4FC89}.Debug|x86.Build.0 = Debug|Any CPU
		{63E74E13-7466-497C-AD11-CFE2D8B4FC89}.Release|Any CPU.ActiveCfg = Release|Any CPU
		{63E74E13-7466-497C-AD11-CFE2D8B4FC89}.Release|Any CPU.Build.0 = Release|Any CPU
		{63E74E13-7466-497C-AD11-CFE2D8B4FC89}.Release|x64.ActiveCfg = Release|Any CPU
		{63E74E13-7466-497C-AD11-CFE2D8B4FC89}.Release|x64.Build.0 = Release|Any CPU
		{63E74E13-7466-497C-AD11-CFE2D8B4FC89}.Release|x86.ActiveCfg = Release|Any CPU
		{63E74E13-7466-497C-AD11-CFE2D8B4FC89}.Release|x86.Build.0 = Release|Any CPU
		{AEFD9CF3-0E81-4CB2-B789-1EC33A935DC8}.Debug|Any CPU.ActiveCfg = Debug|Any CPU
		{AEFD9CF3-0E81-4CB2-B789-1EC33A935DC8}.Debug|Any CPU.Build.0 = Debug|Any CPU
		{AEFD9CF3-0E81-4CB2-B789-1EC33A935DC8}.Debug|x64.ActiveCfg = Debug|Any CPU
		{AEFD9CF3-0E81-4CB2-B789-1EC33A935DC8}.Debug|x64.Build.0 = Debug|Any CPU
		{AEFD9CF3-0E81-4CB2-B789-1EC33A935DC8}.Debug|x86.ActiveCfg = Debug|Any CPU
		{AEFD9CF3-0E81-4CB2-B789-1EC33A935DC8}.Debug|x86.Build.0 = Debug|Any CPU
		{AEFD9CF3-0E81-4CB2-B789-1EC33A935DC8}.Release|Any CPU.ActiveCfg = Release|Any CPU
		{AEFD9CF3-0E81-4CB2-B789-1EC33A935DC8}.Release|Any CPU.Build.0 = Release|Any CPU
		{AEFD9CF3-0E81-4CB2-B789-1EC33A935DC8}.Release|x64.ActiveCfg = Release|Any CPU
		{AEFD9CF3-0E81-4CB2-B789-1EC33A935DC8}.Release|x64.Build.0 = Release|Any CPU
		{AEFD9CF3-0E81-4CB2-B789-1EC33A935DC8}.Release|x86.ActiveCfg = Release|Any CPU
		{AEFD9CF3-0E81-4CB2-B789-1EC33A935DC8}.Release|x86.Build.0 = Release|Any CPU
		{BE62885B-FD45-4323-B94A-11EBED7166C7}.Debug|Any CPU.ActiveCfg = Debug|Any CPU
		{BE62885B-FD45-4323-B94A-11EBED7166C7}.Debug|Any CPU.Build.0 = Debug|Any CPU
		{BE62885B-FD45-4323-B94A-11EBED7166C7}.Debug|x64.ActiveCfg = Debug|Any CPU
		{BE62885B-FD45-4323-B94A-11EBED7166C7}.Debug|x64.Build.0 = Debug|Any CPU
		{BE62885B-FD45-4323-B94A-11EBED7166C7}.Debug|x86.ActiveCfg = Debug|Any CPU
		{BE62885B-FD45-4323-B94A-11EBED7166C7}.Debug|x86.Build.0 = Debug|Any CPU
		{BE62885B-FD45-4323-B94A-11EBED7166C7}.Release|Any CPU.ActiveCfg = Release|Any CPU
		{BE62885B-FD45-4323-B94A-11EBED7166C7}.Release|Any CPU.Build.0 = Release|Any CPU
		{BE62885B-FD45-4323-B94A-11EBED7166C7}.Release|x64.ActiveCfg = Release|Any CPU
		{BE62885B-FD45-4323-B94A-11EBED7166C7}.Release|x64.Build.0 = Release|Any CPU
		{BE62885B-FD45-4323-B94A-11EBED7166C7}.Release|x86.ActiveCfg = Release|Any CPU
		{BE62885B-FD45-4323-B94A-11EBED7166C7}.Release|x86.Build.0 = Release|Any CPU
		{36F8CF86-BBD6-48F0-8094-D40B7B111C15}.Debug|Any CPU.ActiveCfg = Debug|Any CPU
		{36F8CF86-BBD6-48F0-8094-D40B7B111C15}.Debug|Any CPU.Build.0 = Debug|Any CPU
		{36F8CF86-BBD6-48F0-8094-D40B7B111C15}.Debug|x64.ActiveCfg = Debug|Any CPU
		{36F8CF86-BBD6-48F0-8094-D40B7B111C15}.Debug|x64.Build.0 = Debug|Any CPU
		{36F8CF86-BBD6-48F0-8094-D40B7B111C15}.Debug|x86.ActiveCfg = Debug|Any CPU
		{36F8CF86-BBD6-48F0-8094-D40B7B111C15}.Debug|x86.Build.0 = Debug|Any CPU
		{36F8CF86-BBD6-48F0-8094-D40B7B111C15}.Release|Any CPU.ActiveCfg = Release|Any CPU
		{36F8CF86-BBD6-48F0-8094-D40B7B111C15}.Release|Any CPU.Build.0 = Release|Any CPU
		{36F8CF86-BBD6-48F0-8094-D40B7B111C15}.Release|x64.ActiveCfg = Release|Any CPU
		{36F8CF86-BBD6-48F0-8094-D40B7B111C15}.Release|x64.Build.0 = Release|Any CPU
		{36F8CF86-BBD6-48F0-8094-D40B7B111C15}.Release|x86.ActiveCfg = Release|Any CPU
		{36F8CF86-BBD6-48F0-8094-D40B7B111C15}.Release|x86.Build.0 = Release|Any CPU
		{AFDD15BC-7ACD-48DE-8C04-0DD40A723599}.Debug|Any CPU.ActiveCfg = Debug|Any CPU
		{AFDD15BC-7ACD-48DE-8C04-0DD40A723599}.Debug|Any CPU.Build.0 = Debug|Any CPU
		{AFDD15BC-7ACD-48DE-8C04-0DD40A723599}.Debug|x64.ActiveCfg = Debug|Any CPU
		{AFDD15BC-7ACD-48DE-8C04-0DD40A723599}.Debug|x64.Build.0 = Debug|Any CPU
		{AFDD15BC-7ACD-48DE-8C04-0DD40A723599}.Debug|x86.ActiveCfg = Debug|x86
		{AFDD15BC-7ACD-48DE-8C04-0DD40A723599}.Debug|x86.Build.0 = Debug|x86
		{AFDD15BC-7ACD-48DE-8C04-0DD40A723599}.Release|Any CPU.ActiveCfg = Release|Any CPU
		{AFDD15BC-7ACD-48DE-8C04-0DD40A723599}.Release|Any CPU.Build.0 = Release|Any CPU
		{AFDD15BC-7ACD-48DE-8C04-0DD40A723599}.Release|x64.ActiveCfg = Release|Any CPU
		{AFDD15BC-7ACD-48DE-8C04-0DD40A723599}.Release|x64.Build.0 = Release|Any CPU
		{AFDD15BC-7ACD-48DE-8C04-0DD40A723599}.Release|x86.ActiveCfg = Release|Any CPU
		{AFDD15BC-7ACD-48DE-8C04-0DD40A723599}.Release|x86.Build.0 = Release|Any CPU
		{17A14295-F7E3-4E4C-8228-98268F5C11D0}.Debug|Any CPU.ActiveCfg = Debug|Any CPU
		{17A14295-F7E3-4E4C-8228-98268F5C11D0}.Debug|Any CPU.Build.0 = Debug|Any CPU
		{17A14295-F7E3-4E4C-8228-98268F5C11D0}.Debug|x64.ActiveCfg = Debug|Any CPU
		{17A14295-F7E3-4E4C-8228-98268F5C11D0}.Debug|x64.Build.0 = Debug|Any CPU
		{17A14295-F7E3-4E4C-8228-98268F5C11D0}.Debug|x86.ActiveCfg = Debug|x86
		{17A14295-F7E3-4E4C-8228-98268F5C11D0}.Debug|x86.Build.0 = Debug|x86
		{17A14295-F7E3-4E4C-8228-98268F5C11D0}.Release|Any CPU.ActiveCfg = Release|Any CPU
		{17A14295-F7E3-4E4C-8228-98268F5C11D0}.Release|Any CPU.Build.0 = Release|Any CPU
		{17A14295-F7E3-4E4C-8228-98268F5C11D0}.Release|x64.ActiveCfg = Release|Any CPU
		{17A14295-F7E3-4E4C-8228-98268F5C11D0}.Release|x64.Build.0 = Release|Any CPU
		{17A14295-F7E3-4E4C-8228-98268F5C11D0}.Release|x86.ActiveCfg = Release|Any CPU
		{17A14295-F7E3-4E4C-8228-98268F5C11D0}.Release|x86.Build.0 = Release|Any CPU
		{049E3983-52D2-4753-8ABE-416CCC2F6F9E}.Debug|Any CPU.ActiveCfg = Debug|Any CPU
		{049E3983-52D2-4753-8ABE-416CCC2F6F9E}.Debug|Any CPU.Build.0 = Debug|Any CPU
		{049E3983-52D2-4753-8ABE-416CCC2F6F9E}.Debug|x64.ActiveCfg = Debug|Any CPU
		{049E3983-52D2-4753-8ABE-416CCC2F6F9E}.Debug|x64.Build.0 = Debug|Any CPU
		{049E3983-52D2-4753-8ABE-416CCC2F6F9E}.Debug|x86.ActiveCfg = Debug|Any CPU
		{049E3983-52D2-4753-8ABE-416CCC2F6F9E}.Debug|x86.Build.0 = Debug|Any CPU
		{049E3983-52D2-4753-8ABE-416CCC2F6F9E}.Release|Any CPU.ActiveCfg = Release|Any CPU
		{049E3983-52D2-4753-8ABE-416CCC2F6F9E}.Release|Any CPU.Build.0 = Release|Any CPU
		{049E3983-52D2-4753-8ABE-416CCC2F6F9E}.Release|x64.ActiveCfg = Release|Any CPU
		{049E3983-52D2-4753-8ABE-416CCC2F6F9E}.Release|x64.Build.0 = Release|Any CPU
		{049E3983-52D2-4753-8ABE-416CCC2F6F9E}.Release|x86.ActiveCfg = Release|Any CPU
		{049E3983-52D2-4753-8ABE-416CCC2F6F9E}.Release|x86.Build.0 = Release|Any CPU
		{B493D955-94AE-4087-B14C-FB7B69CB47A2}.Debug|Any CPU.ActiveCfg = Debug|Any CPU
		{B493D955-94AE-4087-B14C-FB7B69CB47A2}.Debug|Any CPU.Build.0 = Debug|Any CPU
		{B493D955-94AE-4087-B14C-FB7B69CB47A2}.Debug|x64.ActiveCfg = Debug|Any CPU
		{B493D955-94AE-4087-B14C-FB7B69CB47A2}.Debug|x64.Build.0 = Debug|Any CPU
		{B493D955-94AE-4087-B14C-FB7B69CB47A2}.Debug|x86.ActiveCfg = Debug|Any CPU
		{B493D955-94AE-4087-B14C-FB7B69CB47A2}.Debug|x86.Build.0 = Debug|Any CPU
		{B493D955-94AE-4087-B14C-FB7B69CB47A2}.Release|Any CPU.ActiveCfg = Release|Any CPU
		{B493D955-94AE-4087-B14C-FB7B69CB47A2}.Release|Any CPU.Build.0 = Release|Any CPU
		{B493D955-94AE-4087-B14C-FB7B69CB47A2}.Release|x64.ActiveCfg = Release|Any CPU
		{B493D955-94AE-4087-B14C-FB7B69CB47A2}.Release|x64.Build.0 = Release|Any CPU
		{B493D955-94AE-4087-B14C-FB7B69CB47A2}.Release|x86.ActiveCfg = Release|Any CPU
		{B493D955-94AE-4087-B14C-FB7B69CB47A2}.Release|x86.Build.0 = Release|Any CPU
		{09B71192-82F3-491A-97A2-103340DFBB88}.Debug|Any CPU.ActiveCfg = Debug|Any CPU
		{09B71192-82F3-491A-97A2-103340DFBB88}.Debug|Any CPU.Build.0 = Debug|Any CPU
		{09B71192-82F3-491A-97A2-103340DFBB88}.Debug|x64.ActiveCfg = Debug|Any CPU
		{09B71192-82F3-491A-97A2-103340DFBB88}.Debug|x64.Build.0 = Debug|Any CPU
		{09B71192-82F3-491A-97A2-103340DFBB88}.Debug|x86.ActiveCfg = Debug|Any CPU
		{09B71192-82F3-491A-97A2-103340DFBB88}.Debug|x86.Build.0 = Debug|Any CPU
		{09B71192-82F3-491A-97A2-103340DFBB88}.Release|Any CPU.ActiveCfg = Release|Any CPU
		{09B71192-82F3-491A-97A2-103340DFBB88}.Release|Any CPU.Build.0 = Release|Any CPU
		{09B71192-82F3-491A-97A2-103340DFBB88}.Release|x64.ActiveCfg = Release|Any CPU
		{09B71192-82F3-491A-97A2-103340DFBB88}.Release|x64.Build.0 = Release|Any CPU
		{09B71192-82F3-491A-97A2-103340DFBB88}.Release|x86.ActiveCfg = Release|Any CPU
		{09B71192-82F3-491A-97A2-103340DFBB88}.Release|x86.Build.0 = Release|Any CPU
		{F308528A-830A-4030-8F14-387A36F40C95}.Debug|Any CPU.ActiveCfg = Debug|Any CPU
		{F308528A-830A-4030-8F14-387A36F40C95}.Debug|Any CPU.Build.0 = Debug|Any CPU
		{F308528A-830A-4030-8F14-387A36F40C95}.Debug|x64.ActiveCfg = Debug|Any CPU
		{F308528A-830A-4030-8F14-387A36F40C95}.Debug|x64.Build.0 = Debug|Any CPU
		{F308528A-830A-4030-8F14-387A36F40C95}.Debug|x86.ActiveCfg = Debug|Any CPU
		{F308528A-830A-4030-8F14-387A36F40C95}.Debug|x86.Build.0 = Debug|Any CPU
		{F308528A-830A-4030-8F14-387A36F40C95}.Release|Any CPU.ActiveCfg = Release|Any CPU
		{F308528A-830A-4030-8F14-387A36F40C95}.Release|Any CPU.Build.0 = Release|Any CPU
		{F308528A-830A-4030-8F14-387A36F40C95}.Release|x64.ActiveCfg = Release|Any CPU
		{F308528A-830A-4030-8F14-387A36F40C95}.Release|x64.Build.0 = Release|Any CPU
		{F308528A-830A-4030-8F14-387A36F40C95}.Release|x86.ActiveCfg = Release|Any CPU
		{F308528A-830A-4030-8F14-387A36F40C95}.Release|x86.Build.0 = Release|Any CPU
		{E2A52AAE-636F-4C3D-84BE-266241ED1197}.Debug|Any CPU.ActiveCfg = Debug|Any CPU
		{E2A52AAE-636F-4C3D-84BE-266241ED1197}.Debug|Any CPU.Build.0 = Debug|Any CPU
		{E2A52AAE-636F-4C3D-84BE-266241ED1197}.Debug|x64.ActiveCfg = Debug|Any CPU
		{E2A52AAE-636F-4C3D-84BE-266241ED1197}.Debug|x64.Build.0 = Debug|Any CPU
		{E2A52AAE-636F-4C3D-84BE-266241ED1197}.Debug|x86.ActiveCfg = Debug|x86
		{E2A52AAE-636F-4C3D-84BE-266241ED1197}.Debug|x86.Build.0 = Debug|x86
		{E2A52AAE-636F-4C3D-84BE-266241ED1197}.Release|Any CPU.ActiveCfg = Release|Any CPU
		{E2A52AAE-636F-4C3D-84BE-266241ED1197}.Release|Any CPU.Build.0 = Release|Any CPU
		{E2A52AAE-636F-4C3D-84BE-266241ED1197}.Release|x64.ActiveCfg = Release|Any CPU
		{E2A52AAE-636F-4C3D-84BE-266241ED1197}.Release|x64.Build.0 = Release|Any CPU
		{E2A52AAE-636F-4C3D-84BE-266241ED1197}.Release|x86.ActiveCfg = Release|Any CPU
		{E2A52AAE-636F-4C3D-84BE-266241ED1197}.Release|x86.Build.0 = Release|Any CPU
		{D8A65471-2C15-4DBE-92D2-9937EFDD8E53}.Debug|Any CPU.ActiveCfg = Debug|Any CPU
		{D8A65471-2C15-4DBE-92D2-9937EFDD8E53}.Debug|Any CPU.Build.0 = Debug|Any CPU
		{D8A65471-2C15-4DBE-92D2-9937EFDD8E53}.Debug|x64.ActiveCfg = Debug|Any CPU
		{D8A65471-2C15-4DBE-92D2-9937EFDD8E53}.Debug|x64.Build.0 = Debug|Any CPU
		{D8A65471-2C15-4DBE-92D2-9937EFDD8E53}.Debug|x86.ActiveCfg = Debug|x86
		{D8A65471-2C15-4DBE-92D2-9937EFDD8E53}.Debug|x86.Build.0 = Debug|x86
		{D8A65471-2C15-4DBE-92D2-9937EFDD8E53}.Release|Any CPU.ActiveCfg = Release|Any CPU
		{D8A65471-2C15-4DBE-92D2-9937EFDD8E53}.Release|Any CPU.Build.0 = Release|Any CPU
		{D8A65471-2C15-4DBE-92D2-9937EFDD8E53}.Release|x64.ActiveCfg = Release|Any CPU
		{D8A65471-2C15-4DBE-92D2-9937EFDD8E53}.Release|x64.Build.0 = Release|Any CPU
		{D8A65471-2C15-4DBE-92D2-9937EFDD8E53}.Release|x86.ActiveCfg = Release|Any CPU
		{D8A65471-2C15-4DBE-92D2-9937EFDD8E53}.Release|x86.Build.0 = Release|Any CPU
		{DCC9F3C6-E01E-420F-A4E6-0A935CBBA60F}.Debug|Any CPU.ActiveCfg = Debug|Any CPU
		{DCC9F3C6-E01E-420F-A4E6-0A935CBBA60F}.Debug|Any CPU.Build.0 = Debug|Any CPU
		{DCC9F3C6-E01E-420F-A4E6-0A935CBBA60F}.Debug|x64.ActiveCfg = Debug|Any CPU
		{DCC9F3C6-E01E-420F-A4E6-0A935CBBA60F}.Debug|x64.Build.0 = Debug|Any CPU
		{DCC9F3C6-E01E-420F-A4E6-0A935CBBA60F}.Debug|x86.ActiveCfg = Debug|x86
		{DCC9F3C6-E01E-420F-A4E6-0A935CBBA60F}.Debug|x86.Build.0 = Debug|x86
		{DCC9F3C6-E01E-420F-A4E6-0A935CBBA60F}.Release|Any CPU.ActiveCfg = Release|Any CPU
		{DCC9F3C6-E01E-420F-A4E6-0A935CBBA60F}.Release|Any CPU.Build.0 = Release|Any CPU
		{DCC9F3C6-E01E-420F-A4E6-0A935CBBA60F}.Release|x64.ActiveCfg = Release|Any CPU
		{DCC9F3C6-E01E-420F-A4E6-0A935CBBA60F}.Release|x64.Build.0 = Release|Any CPU
		{DCC9F3C6-E01E-420F-A4E6-0A935CBBA60F}.Release|x86.ActiveCfg = Release|Any CPU
		{DCC9F3C6-E01E-420F-A4E6-0A935CBBA60F}.Release|x86.Build.0 = Release|Any CPU
		{777332B0-0413-404C-80DE-EBBD2CD8545E}.Debug|Any CPU.ActiveCfg = Debug|Any CPU
		{777332B0-0413-404C-80DE-EBBD2CD8545E}.Debug|Any CPU.Build.0 = Debug|Any CPU
		{777332B0-0413-404C-80DE-EBBD2CD8545E}.Debug|x64.ActiveCfg = Debug|Any CPU
		{777332B0-0413-404C-80DE-EBBD2CD8545E}.Debug|x64.Build.0 = Debug|Any CPU
		{777332B0-0413-404C-80DE-EBBD2CD8545E}.Debug|x86.ActiveCfg = Debug|x86
		{777332B0-0413-404C-80DE-EBBD2CD8545E}.Debug|x86.Build.0 = Debug|x86
		{777332B0-0413-404C-80DE-EBBD2CD8545E}.Release|Any CPU.ActiveCfg = Release|Any CPU
		{777332B0-0413-404C-80DE-EBBD2CD8545E}.Release|Any CPU.Build.0 = Release|Any CPU
		{777332B0-0413-404C-80DE-EBBD2CD8545E}.Release|x64.ActiveCfg = Release|Any CPU
		{777332B0-0413-404C-80DE-EBBD2CD8545E}.Release|x64.Build.0 = Release|Any CPU
		{777332B0-0413-404C-80DE-EBBD2CD8545E}.Release|x86.ActiveCfg = Release|Any CPU
		{777332B0-0413-404C-80DE-EBBD2CD8545E}.Release|x86.Build.0 = Release|Any CPU
		{C40DBF29-7664-4A9B-8551-764B425C4B8A}.Debug|Any CPU.ActiveCfg = Debug|Any CPU
		{C40DBF29-7664-4A9B-8551-764B425C4B8A}.Debug|Any CPU.Build.0 = Debug|Any CPU
		{C40DBF29-7664-4A9B-8551-764B425C4B8A}.Debug|x64.ActiveCfg = Debug|Any CPU
		{C40DBF29-7664-4A9B-8551-764B425C4B8A}.Debug|x64.Build.0 = Debug|Any CPU
		{C40DBF29-7664-4A9B-8551-764B425C4B8A}.Debug|x86.ActiveCfg = Debug|Any CPU
		{C40DBF29-7664-4A9B-8551-764B425C4B8A}.Debug|x86.Build.0 = Debug|Any CPU
		{C40DBF29-7664-4A9B-8551-764B425C4B8A}.Release|Any CPU.ActiveCfg = Release|Any CPU
		{C40DBF29-7664-4A9B-8551-764B425C4B8A}.Release|Any CPU.Build.0 = Release|Any CPU
		{C40DBF29-7664-4A9B-8551-764B425C4B8A}.Release|x64.ActiveCfg = Release|Any CPU
		{C40DBF29-7664-4A9B-8551-764B425C4B8A}.Release|x64.Build.0 = Release|Any CPU
		{C40DBF29-7664-4A9B-8551-764B425C4B8A}.Release|x86.ActiveCfg = Release|Any CPU
		{C40DBF29-7664-4A9B-8551-764B425C4B8A}.Release|x86.Build.0 = Release|Any CPU
		{028792D3-7B56-4F03-A40A-64403114D889}.Debug|Any CPU.ActiveCfg = Debug|Any CPU
		{028792D3-7B56-4F03-A40A-64403114D889}.Debug|Any CPU.Build.0 = Debug|Any CPU
		{028792D3-7B56-4F03-A40A-64403114D889}.Debug|x64.ActiveCfg = Debug|Any CPU
		{028792D3-7B56-4F03-A40A-64403114D889}.Debug|x64.Build.0 = Debug|Any CPU
		{028792D3-7B56-4F03-A40A-64403114D889}.Debug|x86.ActiveCfg = Debug|Any CPU
		{028792D3-7B56-4F03-A40A-64403114D889}.Debug|x86.Build.0 = Debug|Any CPU
		{028792D3-7B56-4F03-A40A-64403114D889}.Release|Any CPU.ActiveCfg = Release|Any CPU
		{028792D3-7B56-4F03-A40A-64403114D889}.Release|Any CPU.Build.0 = Release|Any CPU
		{028792D3-7B56-4F03-A40A-64403114D889}.Release|x64.ActiveCfg = Release|Any CPU
		{028792D3-7B56-4F03-A40A-64403114D889}.Release|x64.Build.0 = Release|Any CPU
		{028792D3-7B56-4F03-A40A-64403114D889}.Release|x86.ActiveCfg = Release|Any CPU
		{028792D3-7B56-4F03-A40A-64403114D889}.Release|x86.Build.0 = Release|Any CPU
		{4D6C3C1C-FB90-4194-AA0B-558999EB92C5}.Debug|Any CPU.ActiveCfg = Debug|Any CPU
		{4D6C3C1C-FB90-4194-AA0B-558999EB92C5}.Debug|Any CPU.Build.0 = Debug|Any CPU
		{4D6C3C1C-FB90-4194-AA0B-558999EB92C5}.Debug|x64.ActiveCfg = Debug|Any CPU
		{4D6C3C1C-FB90-4194-AA0B-558999EB92C5}.Debug|x64.Build.0 = Debug|Any CPU
		{4D6C3C1C-FB90-4194-AA0B-558999EB92C5}.Debug|x86.ActiveCfg = Debug|Any CPU
		{4D6C3C1C-FB90-4194-AA0B-558999EB92C5}.Debug|x86.Build.0 = Debug|Any CPU
		{4D6C3C1C-FB90-4194-AA0B-558999EB92C5}.Release|Any CPU.ActiveCfg = Release|Any CPU
		{4D6C3C1C-FB90-4194-AA0B-558999EB92C5}.Release|Any CPU.Build.0 = Release|Any CPU
		{4D6C3C1C-FB90-4194-AA0B-558999EB92C5}.Release|x64.ActiveCfg = Release|Any CPU
		{4D6C3C1C-FB90-4194-AA0B-558999EB92C5}.Release|x64.Build.0 = Release|Any CPU
		{4D6C3C1C-FB90-4194-AA0B-558999EB92C5}.Release|x86.ActiveCfg = Release|Any CPU
		{4D6C3C1C-FB90-4194-AA0B-558999EB92C5}.Release|x86.Build.0 = Release|Any CPU
		{50E4C7E7-6DB1-4903-9003-0C1BCD30C882}.Debug|Any CPU.ActiveCfg = Debug|Any CPU
		{50E4C7E7-6DB1-4903-9003-0C1BCD30C882}.Debug|Any CPU.Build.0 = Debug|Any CPU
		{50E4C7E7-6DB1-4903-9003-0C1BCD30C882}.Debug|x64.ActiveCfg = Debug|Any CPU
		{50E4C7E7-6DB1-4903-9003-0C1BCD30C882}.Debug|x64.Build.0 = Debug|Any CPU
		{50E4C7E7-6DB1-4903-9003-0C1BCD30C882}.Debug|x86.ActiveCfg = Debug|Any CPU
		{50E4C7E7-6DB1-4903-9003-0C1BCD30C882}.Debug|x86.Build.0 = Debug|Any CPU
		{50E4C7E7-6DB1-4903-9003-0C1BCD30C882}.Release|Any CPU.ActiveCfg = Release|Any CPU
		{50E4C7E7-6DB1-4903-9003-0C1BCD30C882}.Release|Any CPU.Build.0 = Release|Any CPU
		{50E4C7E7-6DB1-4903-9003-0C1BCD30C882}.Release|x64.ActiveCfg = Release|Any CPU
		{50E4C7E7-6DB1-4903-9003-0C1BCD30C882}.Release|x64.Build.0 = Release|Any CPU
		{50E4C7E7-6DB1-4903-9003-0C1BCD30C882}.Release|x86.ActiveCfg = Release|Any CPU
		{50E4C7E7-6DB1-4903-9003-0C1BCD30C882}.Release|x86.Build.0 = Release|Any CPU
		{910E92DC-AED7-4A0A-8E02-C9E28F76B337}.Debug|Any CPU.ActiveCfg = Debug|Any CPU
		{910E92DC-AED7-4A0A-8E02-C9E28F76B337}.Debug|Any CPU.Build.0 = Debug|Any CPU
		{910E92DC-AED7-4A0A-8E02-C9E28F76B337}.Debug|x64.ActiveCfg = Debug|Any CPU
		{910E92DC-AED7-4A0A-8E02-C9E28F76B337}.Debug|x64.Build.0 = Debug|Any CPU
		{910E92DC-AED7-4A0A-8E02-C9E28F76B337}.Debug|x86.ActiveCfg = Debug|Any CPU
		{910E92DC-AED7-4A0A-8E02-C9E28F76B337}.Debug|x86.Build.0 = Debug|Any CPU
		{910E92DC-AED7-4A0A-8E02-C9E28F76B337}.Release|Any CPU.ActiveCfg = Release|Any CPU
		{910E92DC-AED7-4A0A-8E02-C9E28F76B337}.Release|Any CPU.Build.0 = Release|Any CPU
		{910E92DC-AED7-4A0A-8E02-C9E28F76B337}.Release|x64.ActiveCfg = Release|Any CPU
		{910E92DC-AED7-4A0A-8E02-C9E28F76B337}.Release|x64.Build.0 = Release|Any CPU
		{910E92DC-AED7-4A0A-8E02-C9E28F76B337}.Release|x86.ActiveCfg = Release|Any CPU
		{910E92DC-AED7-4A0A-8E02-C9E28F76B337}.Release|x86.Build.0 = Release|Any CPU
		{8C9621DA-BEBB-4FE4-AF9B-D5D1AF99DE8A}.Debug|Any CPU.ActiveCfg = Debug|Any CPU
		{8C9621DA-BEBB-4FE4-AF9B-D5D1AF99DE8A}.Debug|Any CPU.Build.0 = Debug|Any CPU
		{8C9621DA-BEBB-4FE4-AF9B-D5D1AF99DE8A}.Debug|x64.ActiveCfg = Debug|Any CPU
		{8C9621DA-BEBB-4FE4-AF9B-D5D1AF99DE8A}.Debug|x64.Build.0 = Debug|Any CPU
		{8C9621DA-BEBB-4FE4-AF9B-D5D1AF99DE8A}.Debug|x86.ActiveCfg = Debug|Any CPU
		{8C9621DA-BEBB-4FE4-AF9B-D5D1AF99DE8A}.Debug|x86.Build.0 = Debug|Any CPU
		{8C9621DA-BEBB-4FE4-AF9B-D5D1AF99DE8A}.Release|Any CPU.ActiveCfg = Release|Any CPU
		{8C9621DA-BEBB-4FE4-AF9B-D5D1AF99DE8A}.Release|Any CPU.Build.0 = Release|Any CPU
		{8C9621DA-BEBB-4FE4-AF9B-D5D1AF99DE8A}.Release|x64.ActiveCfg = Release|Any CPU
		{8C9621DA-BEBB-4FE4-AF9B-D5D1AF99DE8A}.Release|x64.Build.0 = Release|Any CPU
		{8C9621DA-BEBB-4FE4-AF9B-D5D1AF99DE8A}.Release|x86.ActiveCfg = Release|Any CPU
		{8C9621DA-BEBB-4FE4-AF9B-D5D1AF99DE8A}.Release|x86.Build.0 = Release|Any CPU
		{6D4BA095-3F16-4047-B59A-5C331DC20897}.Debug|Any CPU.ActiveCfg = Debug|Any CPU
		{6D4BA095-3F16-4047-B59A-5C331DC20897}.Debug|Any CPU.Build.0 = Debug|Any CPU
		{6D4BA095-3F16-4047-B59A-5C331DC20897}.Debug|x64.ActiveCfg = Debug|Any CPU
		{6D4BA095-3F16-4047-B59A-5C331DC20897}.Debug|x64.Build.0 = Debug|Any CPU
		{6D4BA095-3F16-4047-B59A-5C331DC20897}.Debug|x86.ActiveCfg = Debug|Any CPU
		{6D4BA095-3F16-4047-B59A-5C331DC20897}.Debug|x86.Build.0 = Debug|Any CPU
		{6D4BA095-3F16-4047-B59A-5C331DC20897}.Release|Any CPU.ActiveCfg = Release|Any CPU
		{6D4BA095-3F16-4047-B59A-5C331DC20897}.Release|Any CPU.Build.0 = Release|Any CPU
		{6D4BA095-3F16-4047-B59A-5C331DC20897}.Release|x64.ActiveCfg = Release|Any CPU
		{6D4BA095-3F16-4047-B59A-5C331DC20897}.Release|x64.Build.0 = Release|Any CPU
		{6D4BA095-3F16-4047-B59A-5C331DC20897}.Release|x86.ActiveCfg = Release|Any CPU
		{6D4BA095-3F16-4047-B59A-5C331DC20897}.Release|x86.Build.0 = Release|Any CPU
		{EE51C971-57DF-4999-AC86-BBFB1220D20F}.Debug|Any CPU.ActiveCfg = Debug|Any CPU
		{EE51C971-57DF-4999-AC86-BBFB1220D20F}.Debug|Any CPU.Build.0 = Debug|Any CPU
		{EE51C971-57DF-4999-AC86-BBFB1220D20F}.Debug|x64.ActiveCfg = Debug|Any CPU
		{EE51C971-57DF-4999-AC86-BBFB1220D20F}.Debug|x64.Build.0 = Debug|Any CPU
		{EE51C971-57DF-4999-AC86-BBFB1220D20F}.Debug|x86.ActiveCfg = Debug|Any CPU
		{EE51C971-57DF-4999-AC86-BBFB1220D20F}.Debug|x86.Build.0 = Debug|Any CPU
		{EE51C971-57DF-4999-AC86-BBFB1220D20F}.Release|Any CPU.ActiveCfg = Release|Any CPU
		{EE51C971-57DF-4999-AC86-BBFB1220D20F}.Release|Any CPU.Build.0 = Release|Any CPU
		{EE51C971-57DF-4999-AC86-BBFB1220D20F}.Release|x64.ActiveCfg = Release|Any CPU
		{EE51C971-57DF-4999-AC86-BBFB1220D20F}.Release|x64.Build.0 = Release|Any CPU
		{EE51C971-57DF-4999-AC86-BBFB1220D20F}.Release|x86.ActiveCfg = Release|Any CPU
		{EE51C971-57DF-4999-AC86-BBFB1220D20F}.Release|x86.Build.0 = Release|Any CPU
		{97374576-97C0-46B9-A64F-FA5CB59B1079}.Debug|Any CPU.ActiveCfg = Debug|Any CPU
		{97374576-97C0-46B9-A64F-FA5CB59B1079}.Debug|Any CPU.Build.0 = Debug|Any CPU
		{97374576-97C0-46B9-A64F-FA5CB59B1079}.Debug|x64.ActiveCfg = Debug|Any CPU
		{97374576-97C0-46B9-A64F-FA5CB59B1079}.Debug|x64.Build.0 = Debug|Any CPU
		{97374576-97C0-46B9-A64F-FA5CB59B1079}.Debug|x86.ActiveCfg = Debug|Any CPU
		{97374576-97C0-46B9-A64F-FA5CB59B1079}.Debug|x86.Build.0 = Debug|Any CPU
		{97374576-97C0-46B9-A64F-FA5CB59B1079}.Release|Any CPU.ActiveCfg = Release|Any CPU
		{97374576-97C0-46B9-A64F-FA5CB59B1079}.Release|Any CPU.Build.0 = Release|Any CPU
		{97374576-97C0-46B9-A64F-FA5CB59B1079}.Release|x64.ActiveCfg = Release|Any CPU
		{97374576-97C0-46B9-A64F-FA5CB59B1079}.Release|x64.Build.0 = Release|Any CPU
		{97374576-97C0-46B9-A64F-FA5CB59B1079}.Release|x86.ActiveCfg = Release|Any CPU
		{97374576-97C0-46B9-A64F-FA5CB59B1079}.Release|x86.Build.0 = Release|Any CPU
		{30DA1950-F21E-451F-B5BB-C0A192E20977}.Debug|Any CPU.ActiveCfg = Debug|Any CPU
		{30DA1950-F21E-451F-B5BB-C0A192E20977}.Debug|Any CPU.Build.0 = Debug|Any CPU
		{30DA1950-F21E-451F-B5BB-C0A192E20977}.Debug|x64.ActiveCfg = Debug|Any CPU
		{30DA1950-F21E-451F-B5BB-C0A192E20977}.Debug|x64.Build.0 = Debug|Any CPU
		{30DA1950-F21E-451F-B5BB-C0A192E20977}.Debug|x86.ActiveCfg = Debug|Any CPU
		{30DA1950-F21E-451F-B5BB-C0A192E20977}.Debug|x86.Build.0 = Debug|Any CPU
		{30DA1950-F21E-451F-B5BB-C0A192E20977}.Release|Any CPU.ActiveCfg = Release|Any CPU
		{30DA1950-F21E-451F-B5BB-C0A192E20977}.Release|Any CPU.Build.0 = Release|Any CPU
		{30DA1950-F21E-451F-B5BB-C0A192E20977}.Release|x64.ActiveCfg = Release|Any CPU
		{30DA1950-F21E-451F-B5BB-C0A192E20977}.Release|x64.Build.0 = Release|Any CPU
		{30DA1950-F21E-451F-B5BB-C0A192E20977}.Release|x86.ActiveCfg = Release|Any CPU
		{30DA1950-F21E-451F-B5BB-C0A192E20977}.Release|x86.Build.0 = Release|Any CPU
		{43B523D1-93AA-480D-8C9D-74DB60A3EA86}.Debug|Any CPU.ActiveCfg = Debug|Any CPU
		{43B523D1-93AA-480D-8C9D-74DB60A3EA86}.Debug|Any CPU.Build.0 = Debug|Any CPU
		{43B523D1-93AA-480D-8C9D-74DB60A3EA86}.Debug|x64.ActiveCfg = Debug|Any CPU
		{43B523D1-93AA-480D-8C9D-74DB60A3EA86}.Debug|x64.Build.0 = Debug|Any CPU
		{43B523D1-93AA-480D-8C9D-74DB60A3EA86}.Debug|x86.ActiveCfg = Debug|Any CPU
		{43B523D1-93AA-480D-8C9D-74DB60A3EA86}.Debug|x86.Build.0 = Debug|Any CPU
		{43B523D1-93AA-480D-8C9D-74DB60A3EA86}.Release|Any CPU.ActiveCfg = Release|Any CPU
		{43B523D1-93AA-480D-8C9D-74DB60A3EA86}.Release|Any CPU.Build.0 = Release|Any CPU
		{43B523D1-93AA-480D-8C9D-74DB60A3EA86}.Release|x64.ActiveCfg = Release|Any CPU
		{43B523D1-93AA-480D-8C9D-74DB60A3EA86}.Release|x64.Build.0 = Release|Any CPU
		{43B523D1-93AA-480D-8C9D-74DB60A3EA86}.Release|x86.ActiveCfg = Release|Any CPU
		{43B523D1-93AA-480D-8C9D-74DB60A3EA86}.Release|x86.Build.0 = Release|Any CPU
		{E856DF6D-E432-4937-8969-92171146EACC}.Debug|Any CPU.ActiveCfg = Debug|Any CPU
		{E856DF6D-E432-4937-8969-92171146EACC}.Debug|Any CPU.Build.0 = Debug|Any CPU
		{E856DF6D-E432-4937-8969-92171146EACC}.Debug|x64.ActiveCfg = Debug|Any CPU
		{E856DF6D-E432-4937-8969-92171146EACC}.Debug|x64.Build.0 = Debug|Any CPU
		{E856DF6D-E432-4937-8969-92171146EACC}.Debug|x86.ActiveCfg = Debug|Any CPU
		{E856DF6D-E432-4937-8969-92171146EACC}.Debug|x86.Build.0 = Debug|Any CPU
		{E856DF6D-E432-4937-8969-92171146EACC}.Release|Any CPU.ActiveCfg = Release|Any CPU
		{E856DF6D-E432-4937-8969-92171146EACC}.Release|Any CPU.Build.0 = Release|Any CPU
		{E856DF6D-E432-4937-8969-92171146EACC}.Release|x64.ActiveCfg = Release|Any CPU
		{E856DF6D-E432-4937-8969-92171146EACC}.Release|x64.Build.0 = Release|Any CPU
		{E856DF6D-E432-4937-8969-92171146EACC}.Release|x86.ActiveCfg = Release|Any CPU
		{E856DF6D-E432-4937-8969-92171146EACC}.Release|x86.Build.0 = Release|Any CPU
		{40219FDC-22DD-4094-86C7-D41E955D9C59}.Debug|Any CPU.ActiveCfg = Debug|Any CPU
		{40219FDC-22DD-4094-86C7-D41E955D9C59}.Debug|Any CPU.Build.0 = Debug|Any CPU
		{40219FDC-22DD-4094-86C7-D41E955D9C59}.Debug|x64.ActiveCfg = Debug|Any CPU
		{40219FDC-22DD-4094-86C7-D41E955D9C59}.Debug|x64.Build.0 = Debug|Any CPU
		{40219FDC-22DD-4094-86C7-D41E955D9C59}.Debug|x86.ActiveCfg = Debug|Any CPU
		{40219FDC-22DD-4094-86C7-D41E955D9C59}.Debug|x86.Build.0 = Debug|Any CPU
		{40219FDC-22DD-4094-86C7-D41E955D9C59}.Release|Any CPU.ActiveCfg = Release|Any CPU
		{40219FDC-22DD-4094-86C7-D41E955D9C59}.Release|Any CPU.Build.0 = Release|Any CPU
		{40219FDC-22DD-4094-86C7-D41E955D9C59}.Release|x64.ActiveCfg = Release|Any CPU
		{40219FDC-22DD-4094-86C7-D41E955D9C59}.Release|x64.Build.0 = Release|Any CPU
		{40219FDC-22DD-4094-86C7-D41E955D9C59}.Release|x86.ActiveCfg = Release|Any CPU
		{40219FDC-22DD-4094-86C7-D41E955D9C59}.Release|x86.Build.0 = Release|Any CPU
		{FB25A620-7345-418A-B3E9-B6812FCF26C9}.Debug|Any CPU.ActiveCfg = Debug|Any CPU
		{FB25A620-7345-418A-B3E9-B6812FCF26C9}.Debug|Any CPU.Build.0 = Debug|Any CPU
		{FB25A620-7345-418A-B3E9-B6812FCF26C9}.Debug|x64.ActiveCfg = Debug|Any CPU
		{FB25A620-7345-418A-B3E9-B6812FCF26C9}.Debug|x64.Build.0 = Debug|Any CPU
		{FB25A620-7345-418A-B3E9-B6812FCF26C9}.Debug|x86.ActiveCfg = Debug|Any CPU
		{FB25A620-7345-418A-B3E9-B6812FCF26C9}.Debug|x86.Build.0 = Debug|Any CPU
		{FB25A620-7345-418A-B3E9-B6812FCF26C9}.Release|Any CPU.ActiveCfg = Release|Any CPU
		{FB25A620-7345-418A-B3E9-B6812FCF26C9}.Release|Any CPU.Build.0 = Release|Any CPU
		{FB25A620-7345-418A-B3E9-B6812FCF26C9}.Release|x64.ActiveCfg = Release|Any CPU
		{FB25A620-7345-418A-B3E9-B6812FCF26C9}.Release|x64.Build.0 = Release|Any CPU
		{FB25A620-7345-418A-B3E9-B6812FCF26C9}.Release|x86.ActiveCfg = Release|Any CPU
		{FB25A620-7345-418A-B3E9-B6812FCF26C9}.Release|x86.Build.0 = Release|Any CPU
		{28956206-A25E-4E9D-B666-401D23363360}.Debug|Any CPU.ActiveCfg = Debug|Any CPU
		{28956206-A25E-4E9D-B666-401D23363360}.Debug|Any CPU.Build.0 = Debug|Any CPU
		{28956206-A25E-4E9D-B666-401D23363360}.Debug|x64.ActiveCfg = Debug|Any CPU
		{28956206-A25E-4E9D-B666-401D23363360}.Debug|x64.Build.0 = Debug|Any CPU
		{28956206-A25E-4E9D-B666-401D23363360}.Debug|x86.ActiveCfg = Debug|Any CPU
		{28956206-A25E-4E9D-B666-401D23363360}.Debug|x86.Build.0 = Debug|Any CPU
		{28956206-A25E-4E9D-B666-401D23363360}.Release|Any CPU.ActiveCfg = Release|Any CPU
		{28956206-A25E-4E9D-B666-401D23363360}.Release|Any CPU.Build.0 = Release|Any CPU
		{28956206-A25E-4E9D-B666-401D23363360}.Release|x64.ActiveCfg = Release|Any CPU
		{28956206-A25E-4E9D-B666-401D23363360}.Release|x64.Build.0 = Release|Any CPU
		{28956206-A25E-4E9D-B666-401D23363360}.Release|x86.ActiveCfg = Release|Any CPU
		{28956206-A25E-4E9D-B666-401D23363360}.Release|x86.Build.0 = Release|Any CPU
		{D2E6ABFE-B0C9-4400-9BDC-D06ABB3EF16A}.Debug|Any CPU.ActiveCfg = Debug|Any CPU
		{D2E6ABFE-B0C9-4400-9BDC-D06ABB3EF16A}.Debug|Any CPU.Build.0 = Debug|Any CPU
		{D2E6ABFE-B0C9-4400-9BDC-D06ABB3EF16A}.Debug|x64.ActiveCfg = Debug|Any CPU
		{D2E6ABFE-B0C9-4400-9BDC-D06ABB3EF16A}.Debug|x64.Build.0 = Debug|Any CPU
		{D2E6ABFE-B0C9-4400-9BDC-D06ABB3EF16A}.Debug|x86.ActiveCfg = Debug|Any CPU
		{D2E6ABFE-B0C9-4400-9BDC-D06ABB3EF16A}.Debug|x86.Build.0 = Debug|Any CPU
		{D2E6ABFE-B0C9-4400-9BDC-D06ABB3EF16A}.Release|Any CPU.ActiveCfg = Release|Any CPU
		{D2E6ABFE-B0C9-4400-9BDC-D06ABB3EF16A}.Release|Any CPU.Build.0 = Release|Any CPU
		{D2E6ABFE-B0C9-4400-9BDC-D06ABB3EF16A}.Release|x64.ActiveCfg = Release|Any CPU
		{D2E6ABFE-B0C9-4400-9BDC-D06ABB3EF16A}.Release|x64.Build.0 = Release|Any CPU
		{D2E6ABFE-B0C9-4400-9BDC-D06ABB3EF16A}.Release|x86.ActiveCfg = Release|Any CPU
		{D2E6ABFE-B0C9-4400-9BDC-D06ABB3EF16A}.Release|x86.Build.0 = Release|Any CPU
		{E49D283A-543C-4C38-A698-5C06B90F2823}.Debug|Any CPU.ActiveCfg = Debug|Any CPU
		{E49D283A-543C-4C38-A698-5C06B90F2823}.Debug|Any CPU.Build.0 = Debug|Any CPU
		{E49D283A-543C-4C38-A698-5C06B90F2823}.Debug|x64.ActiveCfg = Debug|Any CPU
		{E49D283A-543C-4C38-A698-5C06B90F2823}.Debug|x64.Build.0 = Debug|Any CPU
		{E49D283A-543C-4C38-A698-5C06B90F2823}.Debug|x86.ActiveCfg = Debug|Any CPU
		{E49D283A-543C-4C38-A698-5C06B90F2823}.Debug|x86.Build.0 = Debug|Any CPU
		{E49D283A-543C-4C38-A698-5C06B90F2823}.Release|Any CPU.ActiveCfg = Release|Any CPU
		{E49D283A-543C-4C38-A698-5C06B90F2823}.Release|Any CPU.Build.0 = Release|Any CPU
		{E49D283A-543C-4C38-A698-5C06B90F2823}.Release|x64.ActiveCfg = Release|Any CPU
		{E49D283A-543C-4C38-A698-5C06B90F2823}.Release|x64.Build.0 = Release|Any CPU
		{E49D283A-543C-4C38-A698-5C06B90F2823}.Release|x86.ActiveCfg = Release|Any CPU
		{E49D283A-543C-4C38-A698-5C06B90F2823}.Release|x86.Build.0 = Release|Any CPU
		{C2585F5A-55E3-4192-A1E9-F8E1470E3E05}.Debug|Any CPU.ActiveCfg = Debug|Any CPU
		{C2585F5A-55E3-4192-A1E9-F8E1470E3E05}.Debug|Any CPU.Build.0 = Debug|Any CPU
		{C2585F5A-55E3-4192-A1E9-F8E1470E3E05}.Debug|x64.ActiveCfg = Debug|Any CPU
		{C2585F5A-55E3-4192-A1E9-F8E1470E3E05}.Debug|x64.Build.0 = Debug|Any CPU
		{C2585F5A-55E3-4192-A1E9-F8E1470E3E05}.Debug|x86.ActiveCfg = Debug|Any CPU
		{C2585F5A-55E3-4192-A1E9-F8E1470E3E05}.Debug|x86.Build.0 = Debug|Any CPU
		{C2585F5A-55E3-4192-A1E9-F8E1470E3E05}.Release|Any CPU.ActiveCfg = Release|Any CPU
		{C2585F5A-55E3-4192-A1E9-F8E1470E3E05}.Release|Any CPU.Build.0 = Release|Any CPU
		{C2585F5A-55E3-4192-A1E9-F8E1470E3E05}.Release|x64.ActiveCfg = Release|Any CPU
		{C2585F5A-55E3-4192-A1E9-F8E1470E3E05}.Release|x64.Build.0 = Release|Any CPU
		{C2585F5A-55E3-4192-A1E9-F8E1470E3E05}.Release|x86.ActiveCfg = Release|Any CPU
		{C2585F5A-55E3-4192-A1E9-F8E1470E3E05}.Release|x86.Build.0 = Release|Any CPU
	EndGlobalSection
	GlobalSection(SolutionProperties) = preSolution
		HideSolutionNode = FALSE
	EndGlobalSection
	GlobalSection(NestedProjects) = preSolution
		{2307B01F-1A34-4DC7-B99E-12343AFECA7B} = {7798554C-7693-4E1C-8180-0AB61351765F}
		{4081679C-4B64-4331-9E6A-65924475A740} = {7798554C-7693-4E1C-8180-0AB61351765F}
		{B8D6B32A-B479-438B-998A-D2542139A0D6} = {7798554C-7693-4E1C-8180-0AB61351765F}
		{C0F9404F-44F9-4379-B682-9258068F856F} = {7798554C-7693-4E1C-8180-0AB61351765F}
		{3A82678E-7DA9-4817-A3A8-817619C41F59} = {7798554C-7693-4E1C-8180-0AB61351765F}
		{FD3A9D1D-8459-4F11-9016-E5BDF937A88A} = {CD5C43E6-1940-48D3-94B8-0DD3C972C7E8}
		{6536D661-D964-4CA9-8678-DAB0EB2B6C54} = {7798554C-7693-4E1C-8180-0AB61351765F}
		{01FAE5DE-E740-42F0-8DAC-2BA9DBFFF5B9} = {7798554C-7693-4E1C-8180-0AB61351765F}
		{E6F10418-D206-4E01-9A88-7445BA13D024} = {7798554C-7693-4E1C-8180-0AB61351765F}
		{BBE1DF65-227F-4819-9484-A04D23B15CF7} = {7798554C-7693-4E1C-8180-0AB61351765F}
		{77C6726D-2134-4C23-B735-621431FDC062} = {7798554C-7693-4E1C-8180-0AB61351765F}
		{E518ED93-A45E-4653-A22F-BAD00A5064D2} = {7798554C-7693-4E1C-8180-0AB61351765F}
		{F73DA1C6-4ED5-4FA6-994F-EDD80F298D79} = {7798554C-7693-4E1C-8180-0AB61351765F}
		{DB04E167-132A-44F5-9F9C-48E5B5F614F1} = {7798554C-7693-4E1C-8180-0AB61351765F}
		{CBAE71F5-DCFD-4990-8C29-217158479A7B} = {7798554C-7693-4E1C-8180-0AB61351765F}
		{F2DC5528-8F4E-49A1-A0A3-796691C7E257} = {7798554C-7693-4E1C-8180-0AB61351765F}
		{DFAEA8F5-6875-48DF-8C56-F83432393614} = {7798554C-7693-4E1C-8180-0AB61351765F}
		{28371A4B-98CD-4F21-8B2E-F88AE936FDEF} = {7798554C-7693-4E1C-8180-0AB61351765F}
		{EB82C81D-95FC-44DE-A3A5-6A59AC8138A1} = {7798554C-7693-4E1C-8180-0AB61351765F}
		{FC2F7B33-7D7F-41A3-9302-80E9476E60CE} = {7798554C-7693-4E1C-8180-0AB61351765F}
		{B6FC7DEC-D0A3-4684-BEC0-C17A526DA807} = {7798554C-7693-4E1C-8180-0AB61351765F}
		{A26BC4F1-90C1-4F9B-9DFA-468CE099AC01} = {7798554C-7693-4E1C-8180-0AB61351765F}
		{79AF3578-7C88-4E9A-B7FB-A0506D5EED99} = {3517537A-E4D3-42B0-8AC5-45E0433D24FE}
		{187E0D72-A61E-4E7A-B3A1-2CC7D5D070C6} = {3517537A-E4D3-42B0-8AC5-45E0433D24FE}
		{63E74E13-7466-497C-AD11-CFE2D8B4FC89} = {01843BC8-4E7B-47F7-A14B-30F581811B47}
		{AEFD9CF3-0E81-4CB2-B789-1EC33A935DC8} = {01843BC8-4E7B-47F7-A14B-30F581811B47}
		{BE62885B-FD45-4323-B94A-11EBED7166C7} = {01843BC8-4E7B-47F7-A14B-30F581811B47}
		{36F8CF86-BBD6-48F0-8094-D40B7B111C15} = {01843BC8-4E7B-47F7-A14B-30F581811B47}
		{AFDD15BC-7ACD-48DE-8C04-0DD40A723599} = {01843BC8-4E7B-47F7-A14B-30F581811B47}
		{17A14295-F7E3-4E4C-8228-98268F5C11D0} = {01843BC8-4E7B-47F7-A14B-30F581811B47}
		{049E3983-52D2-4753-8ABE-416CCC2F6F9E} = {01843BC8-4E7B-47F7-A14B-30F581811B47}
		{B493D955-94AE-4087-B14C-FB7B69CB47A2} = {01843BC8-4E7B-47F7-A14B-30F581811B47}
		{09B71192-82F3-491A-97A2-103340DFBB88} = {CD5C43E6-1940-48D3-94B8-0DD3C972C7E8}
		{F308528A-830A-4030-8F14-387A36F40C95} = {CD5C43E6-1940-48D3-94B8-0DD3C972C7E8}
		{E2A52AAE-636F-4C3D-84BE-266241ED1197} = {7798554C-7693-4E1C-8180-0AB61351765F}
		{D8A65471-2C15-4DBE-92D2-9937EFDD8E53} = {7798554C-7693-4E1C-8180-0AB61351765F}
		{DCC9F3C6-E01E-420F-A4E6-0A935CBBA60F} = {7798554C-7693-4E1C-8180-0AB61351765F}
		{777332B0-0413-404C-80DE-EBBD2CD8545E} = {7798554C-7693-4E1C-8180-0AB61351765F}
		{C40DBF29-7664-4A9B-8551-764B425C4B8A} = {CD5C43E6-1940-48D3-94B8-0DD3C972C7E8}
		{028792D3-7B56-4F03-A40A-64403114D889} = {01843BC8-4E7B-47F7-A14B-30F581811B47}
		{4D6C3C1C-FB90-4194-AA0B-558999EB92C5} = {01843BC8-4E7B-47F7-A14B-30F581811B47}
		{50E4C7E7-6DB1-4903-9003-0C1BCD30C882} = {01843BC8-4E7B-47F7-A14B-30F581811B47}
		{910E92DC-AED7-4A0A-8E02-C9E28F76B337} = {3517537A-E4D3-42B0-8AC5-45E0433D24FE}
		{8C9621DA-BEBB-4FE4-AF9B-D5D1AF99DE8A} = {3517537A-E4D3-42B0-8AC5-45E0433D24FE}
		{6D4BA095-3F16-4047-B59A-5C331DC20897} = {3517537A-E4D3-42B0-8AC5-45E0433D24FE}
		{EE51C971-57DF-4999-AC86-BBFB1220D20F} = {CD5C43E6-1940-48D3-94B8-0DD3C972C7E8}
		{97374576-97C0-46B9-A64F-FA5CB59B1079} = {CD5C43E6-1940-48D3-94B8-0DD3C972C7E8}
		{30DA1950-F21E-451F-B5BB-C0A192E20977} = {CD5C43E6-1940-48D3-94B8-0DD3C972C7E8}
		{43B523D1-93AA-480D-8C9D-74DB60A3EA86} = {01843BC8-4E7B-47F7-A14B-30F581811B47}
		{E856DF6D-E432-4937-8969-92171146EACC} = {CD5C43E6-1940-48D3-94B8-0DD3C972C7E8}
		{40219FDC-22DD-4094-86C7-D41E955D9C59} = {01843BC8-4E7B-47F7-A14B-30F581811B47}
		{FB25A620-7345-418A-B3E9-B6812FCF26C9} = {01843BC8-4E7B-47F7-A14B-30F581811B47}
		{28956206-A25E-4E9D-B666-401D23363360} = {CD5C43E6-1940-48D3-94B8-0DD3C972C7E8}
		{D2E6ABFE-B0C9-4400-9BDC-D06ABB3EF16A} = {01843BC8-4E7B-47F7-A14B-30F581811B47}
		{C2585F5A-55E3-4192-A1E9-F8E1470E3E05} = {01843BC8-4E7B-47F7-A14B-30F581811B47}
	EndGlobalSection
	GlobalSection(ExtensibilityGlobals) = postSolution
		SolutionGuid = {161C33BE-8979-4B0B-8C3F-5BD51E7AE06B}
	EndGlobalSection
EndGlobal
